
Microsoft Visual Studio Solution File, Format Version 12.00
# Visual Studio 14
VisualStudioVersion = 14.0.23107.0
MinimumVisualStudioVersion = 10.0.40219.1
Project("{FAE04EC0-301F-11D3-BF4B-00C04F79EFBC}") = "Common", "Common\Common.csproj", "{C6DFE1B7-5FFE-424B-85FF-D841AAE489FC}"
EndProject
Project("{FAE04EC0-301F-11D3-BF4B-00C04F79EFBC}") = "Dogovora", "Dogovora\Dogovora.csproj", "{4381D690-60AA-4E7B-AA89-C1DAB1878AE3}"
EndProject
Project("{FAE04EC0-301F-11D3-BF4B-00C04F79EFBC}") = "Accounting", "Accounting\Accounting.csproj", "{9136AD65-8162-4756-8A3A-627BE0FD59B4}"
EndProject
Project("{FAE04EC0-301F-11D3-BF4B-00C04F79EFBC}") = "AmpermModel", "AmpermModel\AmpermModel.csproj", "{883365DC-5976-43F0-A089-44EE52740EFC}"
EndProject
Global
	GlobalSection(SolutionConfigurationPlatforms) = preSolution
		Debug|Any CPU = Debug|Any CPU
		Release|Any CPU = Release|Any CPU
	EndGlobalSection
	GlobalSection(ProjectConfigurationPlatforms) = postSolution
		{C6DFE1B7-5FFE-424B-85FF-D841AAE489FC}.Debug|Any CPU.ActiveCfg = Debug|Any CPU
		{C6DFE1B7-5FFE-424B-85FF-D841AAE489FC}.Debug|Any CPU.Build.0 = Debug|Any CPU
		{C6DFE1B7-5FFE-424B-85FF-D841AAE489FC}.Release|Any CPU.ActiveCfg = Release|Any CPU
		{C6DFE1B7-5FFE-424B-85FF-D841AAE489FC}.Release|Any CPU.Build.0 = Release|Any CPU
		{4381D690-60AA-4E7B-AA89-C1DAB1878AE3}.Debug|Any CPU.ActiveCfg = Debug|Any CPU
		{4381D690-60AA-4E7B-AA89-C1DAB1878AE3}.Debug|Any CPU.Build.0 = Debug|Any CPU
		{4381D690-60AA-4E7B-AA89-C1DAB1878AE3}.Release|Any CPU.ActiveCfg = Release|Any CPU
		{4381D690-60AA-4E7B-AA89-C1DAB1878AE3}.Release|Any CPU.Build.0 = Release|Any CPU
		{9136AD65-8162-4756-8A3A-627BE0FD59B4}.Debug|Any CPU.ActiveCfg = Debug|Any CPU
		{9136AD65-8162-4756-8A3A-627BE0FD59B4}.Debug|Any CPU.Build.0 = Debug|Any CPU
		{9136AD65-8162-4756-8A3A-627BE0FD59B4}.Release|Any CPU.ActiveCfg = Release|Any CPU
		{9136AD65-8162-4756-8A3A-627BE0FD59B4}.Release|Any CPU.Build.0 = Release|Any CPU
		{883365DC-5976-43F0-A089-44EE52740EFC}.Debug|Any CPU.ActiveCfg = Debug|Any CPU
		{883365DC-5976-43F0-A089-44EE52740EFC}.Debug|Any CPU.Build.0 = Debug|Any CPU
		{883365DC-5976-43F0-A089-44EE52740EFC}.Release|Any CPU.ActiveCfg = Release|Any CPU
		{883365DC-5976-43F0-A089-44EE52740EFC}.Release|Any CPU.Build.0 = Release|Any CPU
	EndGlobalSection
	GlobalSection(SolutionProperties) = preSolution
		HideSolutionNode = FALSE
	EndGlobalSection
EndGlobal
