
Microsoft Visual Studio Solution File, Format Version 12.00
# Visual Studio 15
VisualStudioVersion = 15.0.27004.2006
MinimumVisualStudioVersion = 10.0.40219.1
Project("{2150E333-8FDC-42A3-9474-1A3956D46DE8}") = "DwRES Helper", "DwRES Helper", "{67224CC1-4606-4634-B588-4D1BF6A51660}"
EndProject
Project("{2150E333-8FDC-42A3-9474-1A3956D46DE8}") = "ARMTES", "ARMTES", "{FB48600C-D351-4276-BED4-AFDB05138197}"
EndProject
Project("{2150E333-8FDC-42A3-9474-1A3956D46DE8}") = "Emcos", "Emcos", "{F2D86D52-6B8B-4DAC-B3CC-4F06B6DE4E6A}"
EndProject
Project("{2150E333-8FDC-42A3-9474-1A3956D46DE8}") = "Libs", "Libs", "{5D31E189-8B7A-4302-969F-A0819369B8C9}"
	ProjectSection(SolutionItems) = preProject
		dWRESHelper\Libs\fbembed.dll = dWRESHelper\Libs\fbembed.dll
		dWRESHelper\Libs\ib_util.dll = dWRESHelper\Libs\ib_util.dll
		dWRESHelper\Libs\icudt30.dll = dWRESHelper\Libs\icudt30.dll
		dWRESHelper\Libs\icuin30.dll = dWRESHelper\Libs\icuin30.dll
		dWRESHelper\Libs\icuuc30.dll = dWRESHelper\Libs\icuuc30.dll
	EndProjectSection
EndProject
Project("{2150E333-8FDC-42A3-9474-1A3956D46DE8}") = "intl", "intl", "{89FFC047-AE7E-4A9C-86DA-9CCCA366102B}"
	ProjectSection(SolutionItems) = preProject
		dWRESHelper\Libs\intl\fbintl.conf = dWRESHelper\Libs\intl\fbintl.conf
		dWRESHelper\Libs\intl\fbintl.dll = dWRESHelper\Libs\intl\fbintl.dll
	EndProjectSection
EndProject
Project("{2150E333-8FDC-42A3-9474-1A3956D46DE8}") = "LIBRARY", "LIBRARY", "{AC74A6D8-3BE6-42A8-9C3B-5D13A3406561}"
EndProject
Project("{2150E333-8FDC-42A3-9474-1A3956D46DE8}") = "E-sbyt", "E-sbyt", "{09DE7BB4-FC00-4FDC-8BFC-74A2E0C0B443}"
EndProject
Project("{2150E333-8FDC-42A3-9474-1A3956D46DE8}") = "ExcelAddInBuh", "ExcelAddInBuh", "{C240A289-41F0-4DE0-ACD1-6D3DA54B0171}"
EndProject
Project("{FAE04EC0-301F-11D3-BF4B-00C04F79EFBC}") = "ArmtesModel", "ARMTES\Model\ArmtesModel.csproj", "{30B75D4C-3615-4D6A-8F45-EE114EFE3B3C}"
EndProject
Project("{FAE04EC0-301F-11D3-BF4B-00C04F79EFBC}") = "WPFGUI", "ARMTES\WPFGUI\WPFGUI.csproj", "{54AE601D-9493-4B34-A847-13BD53A07DC2}"
EndProject
Project("{FAE04EC0-301F-11D3-BF4B-00C04F79EFBC}") = "DrawGraphTreeDWRES", "dWRESHelper\DrawGraphTreeDWRES\DrawGraphTreeDWRES.csproj", "{FF45E12B-F0C8-4782-838D-70833A2873EB}"
EndProject
Project("{FAE04EC0-301F-11D3-BF4B-00C04F79EFBC}") = "Graph", "dWRESHelper\Graph\Graph.csproj", "{E925301D-936E-4FE1-A31D-2D5CBE0623DD}"
EndProject
Project("{FAE04EC0-301F-11D3-BF4B-00C04F79EFBC}") = "Objects", "dWRESHelper\Objects\Objects.csproj", "{29B62FE5-AA18-4C76-9EAA-E2456B936515}"
EndProject
Project("{FAE04EC0-301F-11D3-BF4B-00C04F79EFBC}") = "Helper", "dWRESHelper\Helper\Helper.csproj", "{C8733ECA-B241-4A52-BEE9-ED764DF1EDC9}"
EndProject
Project("{FAE04EC0-301F-11D3-BF4B-00C04F79EFBC}") = "WPFControls", "dWRESHelper\Controls\WPFControls.csproj", "{D2E33FEE-6689-4BB4-A95C-1B5C327A1E8F}"
EndProject
Project("{FAE04EC0-301F-11D3-BF4B-00C04F79EFBC}") = "WpfApplication1", "dWRESHelper\WpfApplication1\WpfApplication1.csproj", "{8DEF6F1C-4FF8-4A06-A00D-EC45AD442194}"
EndProject
Project("{FAE04EC0-301F-11D3-BF4B-00C04F79EFBC}") = "CommonControls", "LIBRARY\CommonControls\CommonControls.csproj", "{8CF736C3-A421-4F44-8F9C-945A4391718B}"
EndProject
Project("{FAE04EC0-301F-11D3-BF4B-00C04F79EFBC}") = "Dogovora", "E-sbyt\Dogovora\Dogovora.csproj", "{4381D690-60AA-4E7B-AA89-C1DAB1878AE3}"
EndProject
Project("{FAE04EC0-301F-11D3-BF4B-00C04F79EFBC}") = "Accounting", "E-sbyt\Accounting\Accounting.csproj", "{9136AD65-8162-4756-8A3A-627BE0FD59B4}"
EndProject
Project("{FAE04EC0-301F-11D3-BF4B-00C04F79EFBC}") = "AmpermModel", "E-sbyt\AmpermModel\AmpermModel.csproj", "{883365DC-5976-43F0-A089-44EE52740EFC}"
EndProject
Project("{FAE04EC0-301F-11D3-BF4B-00C04F79EFBC}") = "Common", "Emcos\Common\Common.csproj", "{5B1710D2-5DC8-4754-91B2-19165DE49B3D}"
EndProject
Project("{FAE04EC0-301F-11D3-BF4B-00C04F79EFBC}") = "EmcosSiteWrapper", "Emcos\EmcosSiteWrapper\EmcosSiteWrapper.csproj", "{A22EF553-51AA-4EC1-99E9-F4C7248ADE25}"
EndProject
Project("{FAE04EC0-301F-11D3-BF4B-00C04F79EFBC}") = "FixSavedSessions", "Emcos\FixSavedSessions\FixSavedSessions.csproj", "{AF34317B-4356-4010-960F-DB83E654469E}"
EndProject
Project("{FAE04EC0-301F-11D3-BF4B-00C04F79EFBC}") = "Simple Web Server", "Emcos\Simple Web Server\Simple Web Server.csproj", "{994DE393-D800-45A9-9A51-97D5595B4C5B}"
EndProject
Project("{FAE04EC0-301F-11D3-BF4B-00C04F79EFBC}") = "Test", "Emcos\Test\Test.csproj", "{AA24B336-8E32-441A-9895-CEE5A3CB7983}"
EndProject
Project("{2150E333-8FDC-42A3-9474-1A3956D46DE8}") = "Resources", "Resources", "{5773CD75-17AC-401B-9260-0872EDB6DE13}"
	ProjectSection(SolutionItems) = preProject
		ExcelAddInBuh\Resources\div.png = ExcelAddInBuh\Resources\div.png
		ExcelAddInBuh\Resources\mulp.png = ExcelAddInBuh\Resources\mulp.png
	EndProjectSection
EndProject
Project("{FAE04EC0-301F-11D3-BF4B-00C04F79EFBC}") = "TMP.ExcelXML", "LIBRARY\ExcelXML\TMP.ExcelXML.csproj", "{E849EBC2-AAC8-4B33-BC4D-626CDED46C0D}"
EndProject
Project("{FAE04EC0-301F-11D3-BF4B-00C04F79EFBC}") = "TMP.Extensions", "LIBRARY\Extensions\TMP.Extensions.csproj", "{3F72FBE4-5F95-43FD-9029-3CC145C978B4}"
EndProject
Project("{FAE04EC0-301F-11D3-BF4B-00C04F79EFBC}") = "Interactivity", "LIBRARY\Interactivity\Interactivity.csproj", "{588A47EE-DBC1-48C3-987B-BBD5163A8CCE}"
EndProject
Project("{FAE04EC0-301F-11D3-BF4B-00C04F79EFBC}") = "NetHelper", "LIBRARY\NetHelper\NetHelper.csproj", "{E00C55D0-971A-4D59-8C91-E7A4D79D50E8}"
EndProject
Project("{FAE04EC0-301F-11D3-BF4B-00C04F79EFBC}") = "PrintEngine", "LIBRARY\PrintEngine\PrintEngine.csproj", "{0B3D76D5-D9F4-4C0E-AFA9-143138EBC74D}"
EndProject
Project("{FAE04EC0-301F-11D3-BF4B-00C04F79EFBC}") = "ServiceLocator", "LIBRARY\ServiceLocator\ServiceLocator.csproj", "{1D2B2142-67D7-48EA-91F9-5E77E29B5AB9}"
EndProject
Project("{FAE04EC0-301F-11D3-BF4B-00C04F79EFBC}") = "Shared", "LIBRARY\Shared\Shared.csproj", "{07D019F1-5192-4B8E-9BCF-B040D36935C6}"
EndProject
Project("{FAE04EC0-301F-11D3-BF4B-00C04F79EFBC}") = "TestEzSbytService", "E-sbyt\TestEzSbytService\TestEzSbytService.csproj", "{0CE80D32-7535-4C39-B983-C350A7E171F3}"
EndProject
Project("{FAE04EC0-301F-11D3-BF4B-00C04F79EFBC}") = "TestApp", "TestApp\TestApp.csproj", "{35954580-5897-4B8D-BECF-64B5A4A59943}"
EndProject
Project("{FAE04EC0-301F-11D3-BF4B-00C04F79EFBC}") = "WpfApplicationTest", "WpfApplicationTest\WpfApplicationTest.csproj", "{240B1491-B6C9-4A39-BB5E-878056D2082F}"
EndProject
Project("{FAE04EC0-301F-11D3-BF4B-00C04F79EFBC}") = "WindowsShell", "LIBRARY\WindowsShell\WindowsShell.csproj", "{6733A572-4D4F-4733-908D-E9DB4765E245}"
EndProject
Project("{FAE04EC0-301F-11D3-BF4B-00C04F79EFBC}") = "Notification", "LIBRARY\Notification\Notification.csproj", "{C3D49A7F-9D68-41A8-810C-7E9E18BAADCF}"
EndProject
Project("{FAE04EC0-301F-11D3-BF4B-00C04F79EFBC}") = "TMPApplication", "LIBRARY\TMPApplication\TMPApplication.csproj", "{DFE89862-64EF-44F8-98A8-07B410EC180E}"
EndProject
Project("{FAE04EC0-301F-11D3-BF4B-00C04F79EFBC}") = "Modern UI", "LIBRARY\Modern UI\Modern UI.csproj", "{317EA108-1439-4C7F-9F71-EE94D128A214}"
EndProject
Project("{FAE04EC0-301F-11D3-BF4B-00C04F79EFBC}") = "RepositoryCommon", "LIBRARY\RepositoryCommon\RepositoryCommon.csproj", "{7B66A20E-48FF-4FCD-955D-415AD5F1E4E2}"
EndProject
Project("{FAE04EC0-301F-11D3-BF4B-00C04F79EFBC}") = "JsonUtils", "LIBRARY\JsonUtils\JsonUtils.csproj", "{F5216BCE-98FB-4B1F-A114-FED7A325AD18}"
EndProject
Project("{FAE04EC0-301F-11D3-BF4B-00C04F79EFBC}") = "DataForCalculateNormativ", "Emcos\DataForCalculateNormativ\DataForCalculateNormativ.csproj", "{9CDD8155-E87B-4592-A8E9-D205AF1D0B9A}"
EndProject
Project("{FAE04EC0-301F-11D3-BF4B-00C04F79EFBC}") = "EmcosService", "Emcos\Emcos\EmcosService.csproj", "{8F7E64D5-6064-439F-9217-3F1DC0591D77}"
EndProject
Project("{FAE04EC0-301F-11D3-BF4B-00C04F79EFBC}") = "EmcosModel", "Emcos\EmcosModel\EmcosModel.csproj", "{4EA193AE-23A4-411C-AEE6-0AFBAAC1C1CA}"
EndProject
Project("{FAE04EC0-301F-11D3-BF4B-00C04F79EFBC}") = "EPPlus", "LIBRARY\EPPLUS\EPPlus.csproj", "{7B288026-5502-4A39-BF41-77E086F3E4A3}"
EndProject
Project("{FAE04EC0-301F-11D3-BF4B-00C04F79EFBC}") = "EPPlusSamples", "EpplusSampleApp\EPPlusSamples.csproj", "{06BF3C68-E7D4-4579-90BE-E36DACE564EF}"
EndProject
Project("{FAE04EC0-301F-11D3-BF4B-00C04F79EFBC}") = "WpfApp-ToastTest", "WpfApp-ToastTest\WpfApp-ToastTest.csproj", "{2E34F054-DAFD-4A01-BC0F-407523E0F47C}"
EndProject
Project("{FAE04EC0-301F-11D3-BF4B-00C04F79EFBC}") = "ICSharpCode.TreeView", "LIBRARY\SharpTreeView\ICSharpCode.TreeView.csproj", "{DDE2A481-8271-4EAC-A330-8FA6A38D13D1}"
EndProject
Project("{2150E333-8FDC-42A3-9474-1A3956D46DE8}") = "CommonResources", "CommonResources", "{B1517330-F013-499C-9270-7D60D0D2C68D}"
	ProjectSection(SolutionItems) = preProject
		CommonResources\play-regular.ttf = CommonResources\play-regular.ttf
	EndProjectSection
EndProject
Project("{FAE04EC0-301F-11D3-BF4B-00C04F79EFBC}") = "ElectricMeterComm", "ElectricMeterComm\ElectricMeterComm.csproj", "{3104B9A0-348E-4D47-8A9B-A61FC6087383}"
EndProject
Project("{FAE04EC0-301F-11D3-BF4B-00C04F79EFBC}") = "MessageStructure", "Library\MessageStructure\MessageStructure.csproj", "{06F0CA74-B94D-4B86-BD5C-78C9F0D977F5}"
EndProject
Project("{FAE04EC0-301F-11D3-BF4B-00C04F79EFBC}") = "WPFHexaEditor", "LIBRARY\WPFHexaEditor.Control\WPFHexaEditor.csproj", "{CF6AC02D-02FA-4EE9-A507-BD94F489972E}"
EndProject
Project("{FAE04EC0-301F-11D3-BF4B-00C04F79EFBC}") = "SmallEngineDataViewer", "ARMTES\SmallEngineDataViewer\SmallEngineDataViewer.csproj", "{410B7FEB-07C5-40DD-B156-1C0999447390}"
EndProject
Project("{FAE04EC0-301F-11D3-BF4B-00C04F79EFBC}") = "ui.controls.wpf", "LIBRARY\ui.controls.wpf\ui.controls.wpf.csproj", "{5C7F0D6E-3247-4E12-BFE7-5FB05842F6F3}"
EndProject
Project("{FAE04EC0-301F-11D3-BF4B-00C04F79EFBC}") = "Xceed.Wpf.DataGrid", "..\ExtendedWPFToolkitSolution\Src\Xceed.Wpf.DataGrid\Xceed.Wpf.DataGrid.csproj", "{63648392-6CE9-4A60-96D4-F9FD718D29B0}"
EndProject
Project("{2150E333-8FDC-42A3-9474-1A3956D46DE8}") = "Aramis", "Aramis", "{0AE8770F-5FC3-458B-A193-32A884D517D7}"
EndProject
Project("{FAE04EC0-301F-11D3-BF4B-00C04F79EFBC}") = "AramisChetchiki", "AramisChetchiki\AramisChetchiki.csproj", "{BC823171-F50B-4499-87CC-114D1E1C89C3}"
EndProject
Project("{FAE04EC0-301F-11D3-BF4B-00C04F79EFBC}") = "DBF", "LIBRARY\DBF\DBF.csproj", "{71A88EA2-06D4-444E-8BDA-8B399BCB8DC4}"
EndProject
Project("{FAE04EC0-301F-11D3-BF4B-00C04F79EFBC}") = "ItemsFilter", "LIBRARY\ItemsFilter\ItemsFilter.csproj", "{7ED20C3A-C707-43AC-B085-F353869B061B}"
EndProject
Project("{FAE04EC0-301F-11D3-BF4B-00C04F79EFBC}") = "ExcelOutput", "LIBRARY\ExcelOutput\ExcelOutput.csproj", "{F15AFDEF-1EB8-4136-96EF-BA9BBEEB684B}"
EndProject
Global
	GlobalSection(SolutionConfigurationPlatforms) = preSolution
		Debug|Any CPU = Debug|Any CPU
		Debug|x64 = Debug|x64
		Debug|x86 = Debug|x86
		Release|Any CPU = Release|Any CPU
		Release|x64 = Release|x64
		Release|x86 = Release|x86
	EndGlobalSection
	GlobalSection(ProjectConfigurationPlatforms) = postSolution
		{30B75D4C-3615-4D6A-8F45-EE114EFE3B3C}.Debug|Any CPU.ActiveCfg = Debug|Any CPU
		{30B75D4C-3615-4D6A-8F45-EE114EFE3B3C}.Debug|Any CPU.Build.0 = Debug|Any CPU
		{30B75D4C-3615-4D6A-8F45-EE114EFE3B3C}.Debug|x64.ActiveCfg = Debug|Any CPU
		{30B75D4C-3615-4D6A-8F45-EE114EFE3B3C}.Debug|x64.Build.0 = Debug|Any CPU
		{30B75D4C-3615-4D6A-8F45-EE114EFE3B3C}.Debug|x86.ActiveCfg = Debug|Any CPU
		{30B75D4C-3615-4D6A-8F45-EE114EFE3B3C}.Debug|x86.Build.0 = Debug|Any CPU
		{30B75D4C-3615-4D6A-8F45-EE114EFE3B3C}.Release|Any CPU.ActiveCfg = Release|Any CPU
		{30B75D4C-3615-4D6A-8F45-EE114EFE3B3C}.Release|Any CPU.Build.0 = Release|Any CPU
		{30B75D4C-3615-4D6A-8F45-EE114EFE3B3C}.Release|x64.ActiveCfg = Release|Any CPU
		{30B75D4C-3615-4D6A-8F45-EE114EFE3B3C}.Release|x64.Build.0 = Release|Any CPU
		{30B75D4C-3615-4D6A-8F45-EE114EFE3B3C}.Release|x86.ActiveCfg = Release|Any CPU
		{30B75D4C-3615-4D6A-8F45-EE114EFE3B3C}.Release|x86.Build.0 = Release|Any CPU
		{54AE601D-9493-4B34-A847-13BD53A07DC2}.Debug|Any CPU.ActiveCfg = Debug|Any CPU
		{54AE601D-9493-4B34-A847-13BD53A07DC2}.Debug|Any CPU.Build.0 = Debug|Any CPU
		{54AE601D-9493-4B34-A847-13BD53A07DC2}.Debug|x64.ActiveCfg = Debug|Any CPU
		{54AE601D-9493-4B34-A847-13BD53A07DC2}.Debug|x64.Build.0 = Debug|Any CPU
		{54AE601D-9493-4B34-A847-13BD53A07DC2}.Debug|x86.ActiveCfg = Debug|Any CPU
		{54AE601D-9493-4B34-A847-13BD53A07DC2}.Debug|x86.Build.0 = Debug|Any CPU
		{54AE601D-9493-4B34-A847-13BD53A07DC2}.Release|Any CPU.ActiveCfg = Release|Any CPU
		{54AE601D-9493-4B34-A847-13BD53A07DC2}.Release|Any CPU.Build.0 = Release|Any CPU
		{54AE601D-9493-4B34-A847-13BD53A07DC2}.Release|x64.ActiveCfg = Release|Any CPU
		{54AE601D-9493-4B34-A847-13BD53A07DC2}.Release|x64.Build.0 = Release|Any CPU
		{54AE601D-9493-4B34-A847-13BD53A07DC2}.Release|x86.ActiveCfg = Release|Any CPU
		{54AE601D-9493-4B34-A847-13BD53A07DC2}.Release|x86.Build.0 = Release|Any CPU
		{FF45E12B-F0C8-4782-838D-70833A2873EB}.Debug|Any CPU.ActiveCfg = Debug|Any CPU
		{FF45E12B-F0C8-4782-838D-70833A2873EB}.Debug|Any CPU.Build.0 = Debug|Any CPU
		{FF45E12B-F0C8-4782-838D-70833A2873EB}.Debug|x64.ActiveCfg = Debug|Any CPU
		{FF45E12B-F0C8-4782-838D-70833A2873EB}.Debug|x64.Build.0 = Debug|Any CPU
		{FF45E12B-F0C8-4782-838D-70833A2873EB}.Debug|x86.ActiveCfg = Debug|Any CPU
		{FF45E12B-F0C8-4782-838D-70833A2873EB}.Debug|x86.Build.0 = Debug|Any CPU
		{FF45E12B-F0C8-4782-838D-70833A2873EB}.Release|Any CPU.ActiveCfg = Release|Any CPU
		{FF45E12B-F0C8-4782-838D-70833A2873EB}.Release|Any CPU.Build.0 = Release|Any CPU
		{FF45E12B-F0C8-4782-838D-70833A2873EB}.Release|x64.ActiveCfg = Release|Any CPU
		{FF45E12B-F0C8-4782-838D-70833A2873EB}.Release|x64.Build.0 = Release|Any CPU
		{FF45E12B-F0C8-4782-838D-70833A2873EB}.Release|x86.ActiveCfg = Release|Any CPU
		{FF45E12B-F0C8-4782-838D-70833A2873EB}.Release|x86.Build.0 = Release|Any CPU
		{E925301D-936E-4FE1-A31D-2D5CBE0623DD}.Debug|Any CPU.ActiveCfg = Debug|Any CPU
		{E925301D-936E-4FE1-A31D-2D5CBE0623DD}.Debug|Any CPU.Build.0 = Debug|Any CPU
		{E925301D-936E-4FE1-A31D-2D5CBE0623DD}.Debug|x64.ActiveCfg = Debug|Any CPU
		{E925301D-936E-4FE1-A31D-2D5CBE0623DD}.Debug|x64.Build.0 = Debug|Any CPU
		{E925301D-936E-4FE1-A31D-2D5CBE0623DD}.Debug|x86.ActiveCfg = Debug|Any CPU
		{E925301D-936E-4FE1-A31D-2D5CBE0623DD}.Debug|x86.Build.0 = Debug|Any CPU
		{E925301D-936E-4FE1-A31D-2D5CBE0623DD}.Release|Any CPU.ActiveCfg = Release|Any CPU
		{E925301D-936E-4FE1-A31D-2D5CBE0623DD}.Release|Any CPU.Build.0 = Release|Any CPU
		{E925301D-936E-4FE1-A31D-2D5CBE0623DD}.Release|x64.ActiveCfg = Release|Any CPU
		{E925301D-936E-4FE1-A31D-2D5CBE0623DD}.Release|x64.Build.0 = Release|Any CPU
		{E925301D-936E-4FE1-A31D-2D5CBE0623DD}.Release|x86.ActiveCfg = Release|Any CPU
		{E925301D-936E-4FE1-A31D-2D5CBE0623DD}.Release|x86.Build.0 = Release|Any CPU
		{29B62FE5-AA18-4C76-9EAA-E2456B936515}.Debug|Any CPU.ActiveCfg = Debug|Any CPU
		{29B62FE5-AA18-4C76-9EAA-E2456B936515}.Debug|Any CPU.Build.0 = Debug|Any CPU
		{29B62FE5-AA18-4C76-9EAA-E2456B936515}.Debug|x64.ActiveCfg = Debug|Any CPU
		{29B62FE5-AA18-4C76-9EAA-E2456B936515}.Debug|x64.Build.0 = Debug|Any CPU
		{29B62FE5-AA18-4C76-9EAA-E2456B936515}.Debug|x86.ActiveCfg = Debug|Any CPU
		{29B62FE5-AA18-4C76-9EAA-E2456B936515}.Debug|x86.Build.0 = Debug|Any CPU
		{29B62FE5-AA18-4C76-9EAA-E2456B936515}.Release|Any CPU.ActiveCfg = Release|Any CPU
		{29B62FE5-AA18-4C76-9EAA-E2456B936515}.Release|Any CPU.Build.0 = Release|Any CPU
		{29B62FE5-AA18-4C76-9EAA-E2456B936515}.Release|x64.ActiveCfg = Release|Any CPU
		{29B62FE5-AA18-4C76-9EAA-E2456B936515}.Release|x64.Build.0 = Release|Any CPU
		{29B62FE5-AA18-4C76-9EAA-E2456B936515}.Release|x86.ActiveCfg = Release|Any CPU
		{29B62FE5-AA18-4C76-9EAA-E2456B936515}.Release|x86.Build.0 = Release|Any CPU
		{C8733ECA-B241-4A52-BEE9-ED764DF1EDC9}.Debug|Any CPU.ActiveCfg = Debug|Any CPU
		{C8733ECA-B241-4A52-BEE9-ED764DF1EDC9}.Debug|Any CPU.Build.0 = Debug|Any CPU
		{C8733ECA-B241-4A52-BEE9-ED764DF1EDC9}.Debug|x64.ActiveCfg = Debug|Any CPU
		{C8733ECA-B241-4A52-BEE9-ED764DF1EDC9}.Debug|x64.Build.0 = Debug|Any CPU
		{C8733ECA-B241-4A52-BEE9-ED764DF1EDC9}.Debug|x86.ActiveCfg = Debug|Any CPU
		{C8733ECA-B241-4A52-BEE9-ED764DF1EDC9}.Debug|x86.Build.0 = Debug|Any CPU
		{C8733ECA-B241-4A52-BEE9-ED764DF1EDC9}.Release|Any CPU.ActiveCfg = Release|Any CPU
		{C8733ECA-B241-4A52-BEE9-ED764DF1EDC9}.Release|Any CPU.Build.0 = Release|Any CPU
		{C8733ECA-B241-4A52-BEE9-ED764DF1EDC9}.Release|x64.ActiveCfg = Release|Any CPU
		{C8733ECA-B241-4A52-BEE9-ED764DF1EDC9}.Release|x64.Build.0 = Release|Any CPU
		{C8733ECA-B241-4A52-BEE9-ED764DF1EDC9}.Release|x86.ActiveCfg = Release|Any CPU
		{C8733ECA-B241-4A52-BEE9-ED764DF1EDC9}.Release|x86.Build.0 = Release|Any CPU
		{D2E33FEE-6689-4BB4-A95C-1B5C327A1E8F}.Debug|Any CPU.ActiveCfg = Debug|Any CPU
		{D2E33FEE-6689-4BB4-A95C-1B5C327A1E8F}.Debug|Any CPU.Build.0 = Debug|Any CPU
		{D2E33FEE-6689-4BB4-A95C-1B5C327A1E8F}.Debug|x64.ActiveCfg = Debug|Any CPU
		{D2E33FEE-6689-4BB4-A95C-1B5C327A1E8F}.Debug|x64.Build.0 = Debug|Any CPU
		{D2E33FEE-6689-4BB4-A95C-1B5C327A1E8F}.Debug|x86.ActiveCfg = Debug|Any CPU
		{D2E33FEE-6689-4BB4-A95C-1B5C327A1E8F}.Debug|x86.Build.0 = Debug|Any CPU
		{D2E33FEE-6689-4BB4-A95C-1B5C327A1E8F}.Release|Any CPU.ActiveCfg = Release|Any CPU
		{D2E33FEE-6689-4BB4-A95C-1B5C327A1E8F}.Release|Any CPU.Build.0 = Release|Any CPU
		{D2E33FEE-6689-4BB4-A95C-1B5C327A1E8F}.Release|x64.ActiveCfg = Release|Any CPU
		{D2E33FEE-6689-4BB4-A95C-1B5C327A1E8F}.Release|x64.Build.0 = Release|Any CPU
		{D2E33FEE-6689-4BB4-A95C-1B5C327A1E8F}.Release|x86.ActiveCfg = Release|Any CPU
		{D2E33FEE-6689-4BB4-A95C-1B5C327A1E8F}.Release|x86.Build.0 = Release|Any CPU
		{8DEF6F1C-4FF8-4A06-A00D-EC45AD442194}.Debug|Any CPU.ActiveCfg = Debug|Any CPU
		{8DEF6F1C-4FF8-4A06-A00D-EC45AD442194}.Debug|Any CPU.Build.0 = Debug|Any CPU
		{8DEF6F1C-4FF8-4A06-A00D-EC45AD442194}.Debug|x64.ActiveCfg = Debug|Any CPU
		{8DEF6F1C-4FF8-4A06-A00D-EC45AD442194}.Debug|x64.Build.0 = Debug|Any CPU
		{8DEF6F1C-4FF8-4A06-A00D-EC45AD442194}.Debug|x86.ActiveCfg = Debug|Any CPU
		{8DEF6F1C-4FF8-4A06-A00D-EC45AD442194}.Debug|x86.Build.0 = Debug|Any CPU
		{8DEF6F1C-4FF8-4A06-A00D-EC45AD442194}.Release|Any CPU.ActiveCfg = Release|Any CPU
		{8DEF6F1C-4FF8-4A06-A00D-EC45AD442194}.Release|Any CPU.Build.0 = Release|Any CPU
		{8DEF6F1C-4FF8-4A06-A00D-EC45AD442194}.Release|x64.ActiveCfg = Release|Any CPU
		{8DEF6F1C-4FF8-4A06-A00D-EC45AD442194}.Release|x64.Build.0 = Release|Any CPU
		{8DEF6F1C-4FF8-4A06-A00D-EC45AD442194}.Release|x86.ActiveCfg = Release|Any CPU
		{8DEF6F1C-4FF8-4A06-A00D-EC45AD442194}.Release|x86.Build.0 = Release|Any CPU
		{8CF736C3-A421-4F44-8F9C-945A4391718B}.Debug|Any CPU.ActiveCfg = Debug|Any CPU
		{8CF736C3-A421-4F44-8F9C-945A4391718B}.Debug|Any CPU.Build.0 = Debug|Any CPU
		{8CF736C3-A421-4F44-8F9C-945A4391718B}.Debug|x64.ActiveCfg = Debug|Any CPU
		{8CF736C3-A421-4F44-8F9C-945A4391718B}.Debug|x64.Build.0 = Debug|Any CPU
		{8CF736C3-A421-4F44-8F9C-945A4391718B}.Debug|x86.ActiveCfg = Debug|Any CPU
		{8CF736C3-A421-4F44-8F9C-945A4391718B}.Debug|x86.Build.0 = Debug|Any CPU
		{8CF736C3-A421-4F44-8F9C-945A4391718B}.Release|Any CPU.ActiveCfg = Release|Any CPU
		{8CF736C3-A421-4F44-8F9C-945A4391718B}.Release|Any CPU.Build.0 = Release|Any CPU
		{8CF736C3-A421-4F44-8F9C-945A4391718B}.Release|x64.ActiveCfg = Release|Any CPU
		{8CF736C3-A421-4F44-8F9C-945A4391718B}.Release|x64.Build.0 = Release|Any CPU
		{8CF736C3-A421-4F44-8F9C-945A4391718B}.Release|x86.ActiveCfg = Release|Any CPU
		{8CF736C3-A421-4F44-8F9C-945A4391718B}.Release|x86.Build.0 = Release|Any CPU
		{4381D690-60AA-4E7B-AA89-C1DAB1878AE3}.Debug|Any CPU.ActiveCfg = Debug|Any CPU
		{4381D690-60AA-4E7B-AA89-C1DAB1878AE3}.Debug|Any CPU.Build.0 = Debug|Any CPU
		{4381D690-60AA-4E7B-AA89-C1DAB1878AE3}.Debug|x64.ActiveCfg = Debug|Any CPU
		{4381D690-60AA-4E7B-AA89-C1DAB1878AE3}.Debug|x64.Build.0 = Debug|Any CPU
		{4381D690-60AA-4E7B-AA89-C1DAB1878AE3}.Debug|x86.ActiveCfg = Debug|Any CPU
		{4381D690-60AA-4E7B-AA89-C1DAB1878AE3}.Debug|x86.Build.0 = Debug|Any CPU
		{4381D690-60AA-4E7B-AA89-C1DAB1878AE3}.Release|Any CPU.ActiveCfg = Release|Any CPU
		{4381D690-60AA-4E7B-AA89-C1DAB1878AE3}.Release|Any CPU.Build.0 = Release|Any CPU
		{4381D690-60AA-4E7B-AA89-C1DAB1878AE3}.Release|x64.ActiveCfg = Release|Any CPU
		{4381D690-60AA-4E7B-AA89-C1DAB1878AE3}.Release|x64.Build.0 = Release|Any CPU
		{4381D690-60AA-4E7B-AA89-C1DAB1878AE3}.Release|x86.ActiveCfg = Release|Any CPU
		{4381D690-60AA-4E7B-AA89-C1DAB1878AE3}.Release|x86.Build.0 = Release|Any CPU
		{9136AD65-8162-4756-8A3A-627BE0FD59B4}.Debug|Any CPU.ActiveCfg = Debug|Any CPU
		{9136AD65-8162-4756-8A3A-627BE0FD59B4}.Debug|Any CPU.Build.0 = Debug|Any CPU
		{9136AD65-8162-4756-8A3A-627BE0FD59B4}.Debug|x64.ActiveCfg = Debug|Any CPU
		{9136AD65-8162-4756-8A3A-627BE0FD59B4}.Debug|x64.Build.0 = Debug|Any CPU
		{9136AD65-8162-4756-8A3A-627BE0FD59B4}.Debug|x86.ActiveCfg = Debug|Any CPU
		{9136AD65-8162-4756-8A3A-627BE0FD59B4}.Debug|x86.Build.0 = Debug|Any CPU
		{9136AD65-8162-4756-8A3A-627BE0FD59B4}.Release|Any CPU.ActiveCfg = Release|Any CPU
		{9136AD65-8162-4756-8A3A-627BE0FD59B4}.Release|Any CPU.Build.0 = Release|Any CPU
		{9136AD65-8162-4756-8A3A-627BE0FD59B4}.Release|x64.ActiveCfg = Release|Any CPU
		{9136AD65-8162-4756-8A3A-627BE0FD59B4}.Release|x64.Build.0 = Release|Any CPU
		{9136AD65-8162-4756-8A3A-627BE0FD59B4}.Release|x86.ActiveCfg = Release|Any CPU
		{9136AD65-8162-4756-8A3A-627BE0FD59B4}.Release|x86.Build.0 = Release|Any CPU
		{883365DC-5976-43F0-A089-44EE52740EFC}.Debug|Any CPU.ActiveCfg = Debug|Any CPU
		{883365DC-5976-43F0-A089-44EE52740EFC}.Debug|Any CPU.Build.0 = Debug|Any CPU
		{883365DC-5976-43F0-A089-44EE52740EFC}.Debug|x64.ActiveCfg = Debug|Any CPU
		{883365DC-5976-43F0-A089-44EE52740EFC}.Debug|x64.Build.0 = Debug|Any CPU
		{883365DC-5976-43F0-A089-44EE52740EFC}.Debug|x86.ActiveCfg = Debug|Any CPU
		{883365DC-5976-43F0-A089-44EE52740EFC}.Debug|x86.Build.0 = Debug|Any CPU
		{883365DC-5976-43F0-A089-44EE52740EFC}.Release|Any CPU.ActiveCfg = Release|Any CPU
		{883365DC-5976-43F0-A089-44EE52740EFC}.Release|Any CPU.Build.0 = Release|Any CPU
		{883365DC-5976-43F0-A089-44EE52740EFC}.Release|x64.ActiveCfg = Release|Any CPU
		{883365DC-5976-43F0-A089-44EE52740EFC}.Release|x64.Build.0 = Release|Any CPU
		{883365DC-5976-43F0-A089-44EE52740EFC}.Release|x86.ActiveCfg = Release|Any CPU
		{883365DC-5976-43F0-A089-44EE52740EFC}.Release|x86.Build.0 = Release|Any CPU
		{5B1710D2-5DC8-4754-91B2-19165DE49B3D}.Debug|Any CPU.ActiveCfg = Debug|Any CPU
		{5B1710D2-5DC8-4754-91B2-19165DE49B3D}.Debug|Any CPU.Build.0 = Debug|Any CPU
		{5B1710D2-5DC8-4754-91B2-19165DE49B3D}.Debug|x64.ActiveCfg = Debug|Any CPU
		{5B1710D2-5DC8-4754-91B2-19165DE49B3D}.Debug|x64.Build.0 = Debug|Any CPU
		{5B1710D2-5DC8-4754-91B2-19165DE49B3D}.Debug|x86.ActiveCfg = Debug|Any CPU
		{5B1710D2-5DC8-4754-91B2-19165DE49B3D}.Debug|x86.Build.0 = Debug|Any CPU
		{5B1710D2-5DC8-4754-91B2-19165DE49B3D}.Release|Any CPU.ActiveCfg = Release|Any CPU
		{5B1710D2-5DC8-4754-91B2-19165DE49B3D}.Release|Any CPU.Build.0 = Release|Any CPU
		{5B1710D2-5DC8-4754-91B2-19165DE49B3D}.Release|x64.ActiveCfg = Release|Any CPU
		{5B1710D2-5DC8-4754-91B2-19165DE49B3D}.Release|x64.Build.0 = Release|Any CPU
		{5B1710D2-5DC8-4754-91B2-19165DE49B3D}.Release|x86.ActiveCfg = Release|Any CPU
		{5B1710D2-5DC8-4754-91B2-19165DE49B3D}.Release|x86.Build.0 = Release|Any CPU
		{A22EF553-51AA-4EC1-99E9-F4C7248ADE25}.Debug|Any CPU.ActiveCfg = Debug|Any CPU
		{A22EF553-51AA-4EC1-99E9-F4C7248ADE25}.Debug|Any CPU.Build.0 = Debug|Any CPU
		{A22EF553-51AA-4EC1-99E9-F4C7248ADE25}.Debug|x64.ActiveCfg = Debug|Any CPU
		{A22EF553-51AA-4EC1-99E9-F4C7248ADE25}.Debug|x64.Build.0 = Debug|Any CPU
		{A22EF553-51AA-4EC1-99E9-F4C7248ADE25}.Debug|x86.ActiveCfg = Debug|Any CPU
		{A22EF553-51AA-4EC1-99E9-F4C7248ADE25}.Debug|x86.Build.0 = Debug|Any CPU
		{A22EF553-51AA-4EC1-99E9-F4C7248ADE25}.Release|Any CPU.ActiveCfg = Release|Any CPU
		{A22EF553-51AA-4EC1-99E9-F4C7248ADE25}.Release|Any CPU.Build.0 = Release|Any CPU
		{A22EF553-51AA-4EC1-99E9-F4C7248ADE25}.Release|x64.ActiveCfg = Release|Any CPU
		{A22EF553-51AA-4EC1-99E9-F4C7248ADE25}.Release|x64.Build.0 = Release|Any CPU
		{A22EF553-51AA-4EC1-99E9-F4C7248ADE25}.Release|x86.ActiveCfg = Release|Any CPU
		{A22EF553-51AA-4EC1-99E9-F4C7248ADE25}.Release|x86.Build.0 = Release|Any CPU
		{AF34317B-4356-4010-960F-DB83E654469E}.Debug|Any CPU.ActiveCfg = Debug|Any CPU
		{AF34317B-4356-4010-960F-DB83E654469E}.Debug|Any CPU.Build.0 = Debug|Any CPU
		{AF34317B-4356-4010-960F-DB83E654469E}.Debug|x64.ActiveCfg = Debug|Any CPU
		{AF34317B-4356-4010-960F-DB83E654469E}.Debug|x64.Build.0 = Debug|Any CPU
		{AF34317B-4356-4010-960F-DB83E654469E}.Debug|x86.ActiveCfg = Debug|Any CPU
		{AF34317B-4356-4010-960F-DB83E654469E}.Debug|x86.Build.0 = Debug|Any CPU
		{AF34317B-4356-4010-960F-DB83E654469E}.Release|Any CPU.ActiveCfg = Release|Any CPU
		{AF34317B-4356-4010-960F-DB83E654469E}.Release|Any CPU.Build.0 = Release|Any CPU
		{AF34317B-4356-4010-960F-DB83E654469E}.Release|x64.ActiveCfg = Release|Any CPU
		{AF34317B-4356-4010-960F-DB83E654469E}.Release|x64.Build.0 = Release|Any CPU
		{AF34317B-4356-4010-960F-DB83E654469E}.Release|x86.ActiveCfg = Release|Any CPU
		{AF34317B-4356-4010-960F-DB83E654469E}.Release|x86.Build.0 = Release|Any CPU
		{994DE393-D800-45A9-9A51-97D5595B4C5B}.Debug|Any CPU.ActiveCfg = Debug|Any CPU
		{994DE393-D800-45A9-9A51-97D5595B4C5B}.Debug|Any CPU.Build.0 = Debug|Any CPU
		{994DE393-D800-45A9-9A51-97D5595B4C5B}.Debug|x64.ActiveCfg = Debug|Any CPU
		{994DE393-D800-45A9-9A51-97D5595B4C5B}.Debug|x64.Build.0 = Debug|Any CPU
		{994DE393-D800-45A9-9A51-97D5595B4C5B}.Debug|x86.ActiveCfg = Debug|Any CPU
		{994DE393-D800-45A9-9A51-97D5595B4C5B}.Debug|x86.Build.0 = Debug|Any CPU
		{994DE393-D800-45A9-9A51-97D5595B4C5B}.Release|Any CPU.ActiveCfg = Release|Any CPU
		{994DE393-D800-45A9-9A51-97D5595B4C5B}.Release|Any CPU.Build.0 = Release|Any CPU
		{994DE393-D800-45A9-9A51-97D5595B4C5B}.Release|x64.ActiveCfg = Release|Any CPU
		{994DE393-D800-45A9-9A51-97D5595B4C5B}.Release|x64.Build.0 = Release|Any CPU
		{994DE393-D800-45A9-9A51-97D5595B4C5B}.Release|x86.ActiveCfg = Release|Any CPU
		{994DE393-D800-45A9-9A51-97D5595B4C5B}.Release|x86.Build.0 = Release|Any CPU
		{AA24B336-8E32-441A-9895-CEE5A3CB7983}.Debug|Any CPU.ActiveCfg = Debug|Any CPU
		{AA24B336-8E32-441A-9895-CEE5A3CB7983}.Debug|Any CPU.Build.0 = Debug|Any CPU
		{AA24B336-8E32-441A-9895-CEE5A3CB7983}.Debug|x64.ActiveCfg = Debug|Any CPU
		{AA24B336-8E32-441A-9895-CEE5A3CB7983}.Debug|x64.Build.0 = Debug|Any CPU
		{AA24B336-8E32-441A-9895-CEE5A3CB7983}.Debug|x86.ActiveCfg = Debug|Any CPU
		{AA24B336-8E32-441A-9895-CEE5A3CB7983}.Debug|x86.Build.0 = Debug|Any CPU
		{AA24B336-8E32-441A-9895-CEE5A3CB7983}.Release|Any CPU.ActiveCfg = Release|Any CPU
		{AA24B336-8E32-441A-9895-CEE5A3CB7983}.Release|Any CPU.Build.0 = Release|Any CPU
		{AA24B336-8E32-441A-9895-CEE5A3CB7983}.Release|x64.ActiveCfg = Release|Any CPU
		{AA24B336-8E32-441A-9895-CEE5A3CB7983}.Release|x64.Build.0 = Release|Any CPU
		{AA24B336-8E32-441A-9895-CEE5A3CB7983}.Release|x86.ActiveCfg = Release|Any CPU
		{AA24B336-8E32-441A-9895-CEE5A3CB7983}.Release|x86.Build.0 = Release|Any CPU
		{E849EBC2-AAC8-4B33-BC4D-626CDED46C0D}.Debug|Any CPU.ActiveCfg = Debug|Any CPU
		{E849EBC2-AAC8-4B33-BC4D-626CDED46C0D}.Debug|Any CPU.Build.0 = Debug|Any CPU
		{E849EBC2-AAC8-4B33-BC4D-626CDED46C0D}.Debug|x64.ActiveCfg = Debug|Any CPU
		{E849EBC2-AAC8-4B33-BC4D-626CDED46C0D}.Debug|x64.Build.0 = Debug|Any CPU
		{E849EBC2-AAC8-4B33-BC4D-626CDED46C0D}.Debug|x86.ActiveCfg = Debug|Any CPU
		{E849EBC2-AAC8-4B33-BC4D-626CDED46C0D}.Debug|x86.Build.0 = Debug|Any CPU
		{E849EBC2-AAC8-4B33-BC4D-626CDED46C0D}.Release|Any CPU.ActiveCfg = Release|Any CPU
		{E849EBC2-AAC8-4B33-BC4D-626CDED46C0D}.Release|Any CPU.Build.0 = Release|Any CPU
		{E849EBC2-AAC8-4B33-BC4D-626CDED46C0D}.Release|x64.ActiveCfg = Release|Any CPU
		{E849EBC2-AAC8-4B33-BC4D-626CDED46C0D}.Release|x64.Build.0 = Release|Any CPU
		{E849EBC2-AAC8-4B33-BC4D-626CDED46C0D}.Release|x86.ActiveCfg = Release|Any CPU
		{E849EBC2-AAC8-4B33-BC4D-626CDED46C0D}.Release|x86.Build.0 = Release|Any CPU
		{3F72FBE4-5F95-43FD-9029-3CC145C978B4}.Debug|Any CPU.ActiveCfg = Debug|Any CPU
		{3F72FBE4-5F95-43FD-9029-3CC145C978B4}.Debug|Any CPU.Build.0 = Debug|Any CPU
		{3F72FBE4-5F95-43FD-9029-3CC145C978B4}.Debug|x64.ActiveCfg = Debug|Any CPU
		{3F72FBE4-5F95-43FD-9029-3CC145C978B4}.Debug|x64.Build.0 = Debug|Any CPU
		{3F72FBE4-5F95-43FD-9029-3CC145C978B4}.Debug|x86.ActiveCfg = Debug|Any CPU
		{3F72FBE4-5F95-43FD-9029-3CC145C978B4}.Debug|x86.Build.0 = Debug|Any CPU
		{3F72FBE4-5F95-43FD-9029-3CC145C978B4}.Release|Any CPU.ActiveCfg = Release|Any CPU
		{3F72FBE4-5F95-43FD-9029-3CC145C978B4}.Release|Any CPU.Build.0 = Release|Any CPU
		{3F72FBE4-5F95-43FD-9029-3CC145C978B4}.Release|x64.ActiveCfg = Release|Any CPU
		{3F72FBE4-5F95-43FD-9029-3CC145C978B4}.Release|x64.Build.0 = Release|Any CPU
		{3F72FBE4-5F95-43FD-9029-3CC145C978B4}.Release|x86.ActiveCfg = Release|Any CPU
		{3F72FBE4-5F95-43FD-9029-3CC145C978B4}.Release|x86.Build.0 = Release|Any CPU
		{588A47EE-DBC1-48C3-987B-BBD5163A8CCE}.Debug|Any CPU.ActiveCfg = Debug|Any CPU
		{588A47EE-DBC1-48C3-987B-BBD5163A8CCE}.Debug|Any CPU.Build.0 = Debug|Any CPU
		{588A47EE-DBC1-48C3-987B-BBD5163A8CCE}.Debug|x64.ActiveCfg = Debug|Any CPU
		{588A47EE-DBC1-48C3-987B-BBD5163A8CCE}.Debug|x64.Build.0 = Debug|Any CPU
		{588A47EE-DBC1-48C3-987B-BBD5163A8CCE}.Debug|x86.ActiveCfg = Debug|Any CPU
		{588A47EE-DBC1-48C3-987B-BBD5163A8CCE}.Debug|x86.Build.0 = Debug|Any CPU
		{588A47EE-DBC1-48C3-987B-BBD5163A8CCE}.Release|Any CPU.ActiveCfg = Release|Any CPU
		{588A47EE-DBC1-48C3-987B-BBD5163A8CCE}.Release|Any CPU.Build.0 = Release|Any CPU
		{588A47EE-DBC1-48C3-987B-BBD5163A8CCE}.Release|x64.ActiveCfg = Release|Any CPU
		{588A47EE-DBC1-48C3-987B-BBD5163A8CCE}.Release|x64.Build.0 = Release|Any CPU
		{588A47EE-DBC1-48C3-987B-BBD5163A8CCE}.Release|x86.ActiveCfg = Release|Any CPU
		{588A47EE-DBC1-48C3-987B-BBD5163A8CCE}.Release|x86.Build.0 = Release|Any CPU
		{E00C55D0-971A-4D59-8C91-E7A4D79D50E8}.Debug|Any CPU.ActiveCfg = Debug|Any CPU
		{E00C55D0-971A-4D59-8C91-E7A4D79D50E8}.Debug|Any CPU.Build.0 = Debug|Any CPU
		{E00C55D0-971A-4D59-8C91-E7A4D79D50E8}.Debug|x64.ActiveCfg = Debug|Any CPU
		{E00C55D0-971A-4D59-8C91-E7A4D79D50E8}.Debug|x64.Build.0 = Debug|Any CPU
		{E00C55D0-971A-4D59-8C91-E7A4D79D50E8}.Debug|x86.ActiveCfg = Debug|Any CPU
		{E00C55D0-971A-4D59-8C91-E7A4D79D50E8}.Debug|x86.Build.0 = Debug|Any CPU
		{E00C55D0-971A-4D59-8C91-E7A4D79D50E8}.Release|Any CPU.ActiveCfg = Release|Any CPU
		{E00C55D0-971A-4D59-8C91-E7A4D79D50E8}.Release|Any CPU.Build.0 = Release|Any CPU
		{E00C55D0-971A-4D59-8C91-E7A4D79D50E8}.Release|x64.ActiveCfg = Release|Any CPU
		{E00C55D0-971A-4D59-8C91-E7A4D79D50E8}.Release|x64.Build.0 = Release|Any CPU
		{E00C55D0-971A-4D59-8C91-E7A4D79D50E8}.Release|x86.ActiveCfg = Release|Any CPU
		{E00C55D0-971A-4D59-8C91-E7A4D79D50E8}.Release|x86.Build.0 = Release|Any CPU
		{0B3D76D5-D9F4-4C0E-AFA9-143138EBC74D}.Debug|Any CPU.ActiveCfg = Debug|Any CPU
		{0B3D76D5-D9F4-4C0E-AFA9-143138EBC74D}.Debug|Any CPU.Build.0 = Debug|Any CPU
		{0B3D76D5-D9F4-4C0E-AFA9-143138EBC74D}.Debug|x64.ActiveCfg = Debug|Any CPU
		{0B3D76D5-D9F4-4C0E-AFA9-143138EBC74D}.Debug|x64.Build.0 = Debug|Any CPU
		{0B3D76D5-D9F4-4C0E-AFA9-143138EBC74D}.Debug|x86.ActiveCfg = Debug|Any CPU
		{0B3D76D5-D9F4-4C0E-AFA9-143138EBC74D}.Debug|x86.Build.0 = Debug|Any CPU
		{0B3D76D5-D9F4-4C0E-AFA9-143138EBC74D}.Release|Any CPU.ActiveCfg = Release|Any CPU
		{0B3D76D5-D9F4-4C0E-AFA9-143138EBC74D}.Release|Any CPU.Build.0 = Release|Any CPU
		{0B3D76D5-D9F4-4C0E-AFA9-143138EBC74D}.Release|x64.ActiveCfg = Release|Any CPU
		{0B3D76D5-D9F4-4C0E-AFA9-143138EBC74D}.Release|x64.Build.0 = Release|Any CPU
		{0B3D76D5-D9F4-4C0E-AFA9-143138EBC74D}.Release|x86.ActiveCfg = Release|Any CPU
		{0B3D76D5-D9F4-4C0E-AFA9-143138EBC74D}.Release|x86.Build.0 = Release|Any CPU
		{1D2B2142-67D7-48EA-91F9-5E77E29B5AB9}.Debug|Any CPU.ActiveCfg = Debug|Any CPU
		{1D2B2142-67D7-48EA-91F9-5E77E29B5AB9}.Debug|Any CPU.Build.0 = Debug|Any CPU
		{1D2B2142-67D7-48EA-91F9-5E77E29B5AB9}.Debug|x64.ActiveCfg = Debug|Any CPU
		{1D2B2142-67D7-48EA-91F9-5E77E29B5AB9}.Debug|x64.Build.0 = Debug|Any CPU
		{1D2B2142-67D7-48EA-91F9-5E77E29B5AB9}.Debug|x86.ActiveCfg = Debug|Any CPU
		{1D2B2142-67D7-48EA-91F9-5E77E29B5AB9}.Debug|x86.Build.0 = Debug|Any CPU
		{1D2B2142-67D7-48EA-91F9-5E77E29B5AB9}.Release|Any CPU.ActiveCfg = Release|Any CPU
		{1D2B2142-67D7-48EA-91F9-5E77E29B5AB9}.Release|Any CPU.Build.0 = Release|Any CPU
		{1D2B2142-67D7-48EA-91F9-5E77E29B5AB9}.Release|x64.ActiveCfg = Release|Any CPU
		{1D2B2142-67D7-48EA-91F9-5E77E29B5AB9}.Release|x64.Build.0 = Release|Any CPU
		{1D2B2142-67D7-48EA-91F9-5E77E29B5AB9}.Release|x86.ActiveCfg = Release|Any CPU
		{1D2B2142-67D7-48EA-91F9-5E77E29B5AB9}.Release|x86.Build.0 = Release|Any CPU
		{07D019F1-5192-4B8E-9BCF-B040D36935C6}.Debug|Any CPU.ActiveCfg = Debug|Any CPU
		{07D019F1-5192-4B8E-9BCF-B040D36935C6}.Debug|Any CPU.Build.0 = Debug|Any CPU
		{07D019F1-5192-4B8E-9BCF-B040D36935C6}.Debug|x64.ActiveCfg = Debug|Any CPU
		{07D019F1-5192-4B8E-9BCF-B040D36935C6}.Debug|x64.Build.0 = Debug|Any CPU
		{07D019F1-5192-4B8E-9BCF-B040D36935C6}.Debug|x86.ActiveCfg = Debug|Any CPU
		{07D019F1-5192-4B8E-9BCF-B040D36935C6}.Debug|x86.Build.0 = Debug|Any CPU
		{07D019F1-5192-4B8E-9BCF-B040D36935C6}.Release|Any CPU.ActiveCfg = Release|Any CPU
		{07D019F1-5192-4B8E-9BCF-B040D36935C6}.Release|Any CPU.Build.0 = Release|Any CPU
		{07D019F1-5192-4B8E-9BCF-B040D36935C6}.Release|x64.ActiveCfg = Release|Any CPU
		{07D019F1-5192-4B8E-9BCF-B040D36935C6}.Release|x64.Build.0 = Release|Any CPU
		{07D019F1-5192-4B8E-9BCF-B040D36935C6}.Release|x86.ActiveCfg = Release|Any CPU
		{07D019F1-5192-4B8E-9BCF-B040D36935C6}.Release|x86.Build.0 = Release|Any CPU
		{0CE80D32-7535-4C39-B983-C350A7E171F3}.Debug|Any CPU.ActiveCfg = Debug|Any CPU
		{0CE80D32-7535-4C39-B983-C350A7E171F3}.Debug|Any CPU.Build.0 = Debug|Any CPU
		{0CE80D32-7535-4C39-B983-C350A7E171F3}.Debug|x64.ActiveCfg = Debug|Any CPU
		{0CE80D32-7535-4C39-B983-C350A7E171F3}.Debug|x64.Build.0 = Debug|Any CPU
		{0CE80D32-7535-4C39-B983-C350A7E171F3}.Debug|x86.ActiveCfg = Debug|Any CPU
		{0CE80D32-7535-4C39-B983-C350A7E171F3}.Debug|x86.Build.0 = Debug|Any CPU
		{0CE80D32-7535-4C39-B983-C350A7E171F3}.Release|Any CPU.ActiveCfg = Release|Any CPU
		{0CE80D32-7535-4C39-B983-C350A7E171F3}.Release|Any CPU.Build.0 = Release|Any CPU
		{0CE80D32-7535-4C39-B983-C350A7E171F3}.Release|x64.ActiveCfg = Release|Any CPU
		{0CE80D32-7535-4C39-B983-C350A7E171F3}.Release|x64.Build.0 = Release|Any CPU
		{0CE80D32-7535-4C39-B983-C350A7E171F3}.Release|x86.ActiveCfg = Release|Any CPU
		{0CE80D32-7535-4C39-B983-C350A7E171F3}.Release|x86.Build.0 = Release|Any CPU
		{35954580-5897-4B8D-BECF-64B5A4A59943}.Debug|Any CPU.ActiveCfg = Debug|Any CPU
		{35954580-5897-4B8D-BECF-64B5A4A59943}.Debug|Any CPU.Build.0 = Debug|Any CPU
		{35954580-5897-4B8D-BECF-64B5A4A59943}.Debug|x64.ActiveCfg = Debug|Any CPU
		{35954580-5897-4B8D-BECF-64B5A4A59943}.Debug|x64.Build.0 = Debug|Any CPU
		{35954580-5897-4B8D-BECF-64B5A4A59943}.Debug|x86.ActiveCfg = Debug|Any CPU
		{35954580-5897-4B8D-BECF-64B5A4A59943}.Debug|x86.Build.0 = Debug|Any CPU
		{35954580-5897-4B8D-BECF-64B5A4A59943}.Release|Any CPU.ActiveCfg = Release|Any CPU
		{35954580-5897-4B8D-BECF-64B5A4A59943}.Release|Any CPU.Build.0 = Release|Any CPU
		{35954580-5897-4B8D-BECF-64B5A4A59943}.Release|x64.ActiveCfg = Release|Any CPU
		{35954580-5897-4B8D-BECF-64B5A4A59943}.Release|x64.Build.0 = Release|Any CPU
		{35954580-5897-4B8D-BECF-64B5A4A59943}.Release|x86.ActiveCfg = Release|Any CPU
		{35954580-5897-4B8D-BECF-64B5A4A59943}.Release|x86.Build.0 = Release|Any CPU
		{240B1491-B6C9-4A39-BB5E-878056D2082F}.Debug|Any CPU.ActiveCfg = Debug|Any CPU
		{240B1491-B6C9-4A39-BB5E-878056D2082F}.Debug|Any CPU.Build.0 = Debug|Any CPU
		{240B1491-B6C9-4A39-BB5E-878056D2082F}.Debug|x64.ActiveCfg = Debug|Any CPU
		{240B1491-B6C9-4A39-BB5E-878056D2082F}.Debug|x64.Build.0 = Debug|Any CPU
		{240B1491-B6C9-4A39-BB5E-878056D2082F}.Debug|x86.ActiveCfg = Debug|Any CPU
		{240B1491-B6C9-4A39-BB5E-878056D2082F}.Debug|x86.Build.0 = Debug|Any CPU
		{240B1491-B6C9-4A39-BB5E-878056D2082F}.Release|Any CPU.ActiveCfg = Release|Any CPU
		{240B1491-B6C9-4A39-BB5E-878056D2082F}.Release|Any CPU.Build.0 = Release|Any CPU
		{240B1491-B6C9-4A39-BB5E-878056D2082F}.Release|x64.ActiveCfg = Release|Any CPU
		{240B1491-B6C9-4A39-BB5E-878056D2082F}.Release|x64.Build.0 = Release|Any CPU
		{240B1491-B6C9-4A39-BB5E-878056D2082F}.Release|x86.ActiveCfg = Release|Any CPU
		{240B1491-B6C9-4A39-BB5E-878056D2082F}.Release|x86.Build.0 = Release|Any CPU
		{6733A572-4D4F-4733-908D-E9DB4765E245}.Debug|Any CPU.ActiveCfg = Debug|Any CPU
		{6733A572-4D4F-4733-908D-E9DB4765E245}.Debug|Any CPU.Build.0 = Debug|Any CPU
		{6733A572-4D4F-4733-908D-E9DB4765E245}.Debug|x64.ActiveCfg = Debug|Any CPU
		{6733A572-4D4F-4733-908D-E9DB4765E245}.Debug|x64.Build.0 = Debug|Any CPU
		{6733A572-4D4F-4733-908D-E9DB4765E245}.Debug|x86.ActiveCfg = Debug|Any CPU
		{6733A572-4D4F-4733-908D-E9DB4765E245}.Debug|x86.Build.0 = Debug|Any CPU
		{6733A572-4D4F-4733-908D-E9DB4765E245}.Release|Any CPU.ActiveCfg = Release|Any CPU
		{6733A572-4D4F-4733-908D-E9DB4765E245}.Release|Any CPU.Build.0 = Release|Any CPU
		{6733A572-4D4F-4733-908D-E9DB4765E245}.Release|x64.ActiveCfg = Release|Any CPU
		{6733A572-4D4F-4733-908D-E9DB4765E245}.Release|x64.Build.0 = Release|Any CPU
		{6733A572-4D4F-4733-908D-E9DB4765E245}.Release|x86.ActiveCfg = Release|Any CPU
		{6733A572-4D4F-4733-908D-E9DB4765E245}.Release|x86.Build.0 = Release|Any CPU
		{C3D49A7F-9D68-41A8-810C-7E9E18BAADCF}.Debug|Any CPU.ActiveCfg = Debug|Any CPU
		{C3D49A7F-9D68-41A8-810C-7E9E18BAADCF}.Debug|Any CPU.Build.0 = Debug|Any CPU
		{C3D49A7F-9D68-41A8-810C-7E9E18BAADCF}.Debug|x64.ActiveCfg = Debug|Any CPU
		{C3D49A7F-9D68-41A8-810C-7E9E18BAADCF}.Debug|x64.Build.0 = Debug|Any CPU
		{C3D49A7F-9D68-41A8-810C-7E9E18BAADCF}.Debug|x86.ActiveCfg = Debug|Any CPU
		{C3D49A7F-9D68-41A8-810C-7E9E18BAADCF}.Debug|x86.Build.0 = Debug|Any CPU
		{C3D49A7F-9D68-41A8-810C-7E9E18BAADCF}.Release|Any CPU.ActiveCfg = Release|Any CPU
		{C3D49A7F-9D68-41A8-810C-7E9E18BAADCF}.Release|Any CPU.Build.0 = Release|Any CPU
		{C3D49A7F-9D68-41A8-810C-7E9E18BAADCF}.Release|x64.ActiveCfg = Release|Any CPU
		{C3D49A7F-9D68-41A8-810C-7E9E18BAADCF}.Release|x64.Build.0 = Release|Any CPU
		{C3D49A7F-9D68-41A8-810C-7E9E18BAADCF}.Release|x86.ActiveCfg = Release|Any CPU
		{C3D49A7F-9D68-41A8-810C-7E9E18BAADCF}.Release|x86.Build.0 = Release|Any CPU
		{DFE89862-64EF-44F8-98A8-07B410EC180E}.Debug|Any CPU.ActiveCfg = Debug|Any CPU
		{DFE89862-64EF-44F8-98A8-07B410EC180E}.Debug|Any CPU.Build.0 = Debug|Any CPU
		{DFE89862-64EF-44F8-98A8-07B410EC180E}.Debug|x64.ActiveCfg = Debug|Any CPU
		{DFE89862-64EF-44F8-98A8-07B410EC180E}.Debug|x64.Build.0 = Debug|Any CPU
		{DFE89862-64EF-44F8-98A8-07B410EC180E}.Debug|x86.ActiveCfg = Debug|Any CPU
		{DFE89862-64EF-44F8-98A8-07B410EC180E}.Debug|x86.Build.0 = Debug|Any CPU
		{DFE89862-64EF-44F8-98A8-07B410EC180E}.Release|Any CPU.ActiveCfg = Release|Any CPU
		{DFE89862-64EF-44F8-98A8-07B410EC180E}.Release|Any CPU.Build.0 = Release|Any CPU
		{DFE89862-64EF-44F8-98A8-07B410EC180E}.Release|x64.ActiveCfg = Release|Any CPU
		{DFE89862-64EF-44F8-98A8-07B410EC180E}.Release|x64.Build.0 = Release|Any CPU
		{DFE89862-64EF-44F8-98A8-07B410EC180E}.Release|x86.ActiveCfg = Release|Any CPU
		{DFE89862-64EF-44F8-98A8-07B410EC180E}.Release|x86.Build.0 = Release|Any CPU
		{317EA108-1439-4C7F-9F71-EE94D128A214}.Debug|Any CPU.ActiveCfg = Debug|Any CPU
		{317EA108-1439-4C7F-9F71-EE94D128A214}.Debug|Any CPU.Build.0 = Debug|Any CPU
		{317EA108-1439-4C7F-9F71-EE94D128A214}.Debug|x64.ActiveCfg = Debug|Any CPU
		{317EA108-1439-4C7F-9F71-EE94D128A214}.Debug|x64.Build.0 = Debug|Any CPU
		{317EA108-1439-4C7F-9F71-EE94D128A214}.Debug|x86.ActiveCfg = Debug|Any CPU
		{317EA108-1439-4C7F-9F71-EE94D128A214}.Debug|x86.Build.0 = Debug|Any CPU
		{317EA108-1439-4C7F-9F71-EE94D128A214}.Release|Any CPU.ActiveCfg = Release|Any CPU
		{317EA108-1439-4C7F-9F71-EE94D128A214}.Release|Any CPU.Build.0 = Release|Any CPU
		{317EA108-1439-4C7F-9F71-EE94D128A214}.Release|x64.ActiveCfg = Release|Any CPU
		{317EA108-1439-4C7F-9F71-EE94D128A214}.Release|x64.Build.0 = Release|Any CPU
		{317EA108-1439-4C7F-9F71-EE94D128A214}.Release|x86.ActiveCfg = Release|Any CPU
		{317EA108-1439-4C7F-9F71-EE94D128A214}.Release|x86.Build.0 = Release|Any CPU
		{7B66A20E-48FF-4FCD-955D-415AD5F1E4E2}.Debug|Any CPU.ActiveCfg = Debug|Any CPU
		{7B66A20E-48FF-4FCD-955D-415AD5F1E4E2}.Debug|Any CPU.Build.0 = Debug|Any CPU
		{7B66A20E-48FF-4FCD-955D-415AD5F1E4E2}.Debug|x64.ActiveCfg = Debug|Any CPU
		{7B66A20E-48FF-4FCD-955D-415AD5F1E4E2}.Debug|x64.Build.0 = Debug|Any CPU
		{7B66A20E-48FF-4FCD-955D-415AD5F1E4E2}.Debug|x86.ActiveCfg = Debug|Any CPU
		{7B66A20E-48FF-4FCD-955D-415AD5F1E4E2}.Debug|x86.Build.0 = Debug|Any CPU
		{7B66A20E-48FF-4FCD-955D-415AD5F1E4E2}.Release|Any CPU.ActiveCfg = Release|Any CPU
		{7B66A20E-48FF-4FCD-955D-415AD5F1E4E2}.Release|Any CPU.Build.0 = Release|Any CPU
		{7B66A20E-48FF-4FCD-955D-415AD5F1E4E2}.Release|x64.ActiveCfg = Release|Any CPU
		{7B66A20E-48FF-4FCD-955D-415AD5F1E4E2}.Release|x64.Build.0 = Release|Any CPU
		{7B66A20E-48FF-4FCD-955D-415AD5F1E4E2}.Release|x86.ActiveCfg = Release|Any CPU
		{7B66A20E-48FF-4FCD-955D-415AD5F1E4E2}.Release|x86.Build.0 = Release|Any CPU
		{F5216BCE-98FB-4B1F-A114-FED7A325AD18}.Debug|Any CPU.ActiveCfg = Debug|Any CPU
		{F5216BCE-98FB-4B1F-A114-FED7A325AD18}.Debug|Any CPU.Build.0 = Debug|Any CPU
		{F5216BCE-98FB-4B1F-A114-FED7A325AD18}.Debug|x64.ActiveCfg = Debug|Any CPU
		{F5216BCE-98FB-4B1F-A114-FED7A325AD18}.Debug|x64.Build.0 = Debug|Any CPU
		{F5216BCE-98FB-4B1F-A114-FED7A325AD18}.Debug|x86.ActiveCfg = Debug|Any CPU
		{F5216BCE-98FB-4B1F-A114-FED7A325AD18}.Debug|x86.Build.0 = Debug|Any CPU
		{F5216BCE-98FB-4B1F-A114-FED7A325AD18}.Release|Any CPU.ActiveCfg = Release|Any CPU
		{F5216BCE-98FB-4B1F-A114-FED7A325AD18}.Release|Any CPU.Build.0 = Release|Any CPU
		{F5216BCE-98FB-4B1F-A114-FED7A325AD18}.Release|x64.ActiveCfg = Release|Any CPU
		{F5216BCE-98FB-4B1F-A114-FED7A325AD18}.Release|x64.Build.0 = Release|Any CPU
		{F5216BCE-98FB-4B1F-A114-FED7A325AD18}.Release|x86.ActiveCfg = Release|Any CPU
		{F5216BCE-98FB-4B1F-A114-FED7A325AD18}.Release|x86.Build.0 = Release|Any CPU
		{9CDD8155-E87B-4592-A8E9-D205AF1D0B9A}.Debug|Any CPU.ActiveCfg = Debug|Any CPU
		{9CDD8155-E87B-4592-A8E9-D205AF1D0B9A}.Debug|Any CPU.Build.0 = Debug|Any CPU
		{9CDD8155-E87B-4592-A8E9-D205AF1D0B9A}.Debug|x64.ActiveCfg = Debug|Any CPU
		{9CDD8155-E87B-4592-A8E9-D205AF1D0B9A}.Debug|x64.Build.0 = Debug|Any CPU
		{9CDD8155-E87B-4592-A8E9-D205AF1D0B9A}.Debug|x86.ActiveCfg = Debug|Any CPU
		{9CDD8155-E87B-4592-A8E9-D205AF1D0B9A}.Debug|x86.Build.0 = Debug|Any CPU
		{9CDD8155-E87B-4592-A8E9-D205AF1D0B9A}.Release|Any CPU.ActiveCfg = Release|Any CPU
		{9CDD8155-E87B-4592-A8E9-D205AF1D0B9A}.Release|Any CPU.Build.0 = Release|Any CPU
		{9CDD8155-E87B-4592-A8E9-D205AF1D0B9A}.Release|x64.ActiveCfg = Release|Any CPU
		{9CDD8155-E87B-4592-A8E9-D205AF1D0B9A}.Release|x64.Build.0 = Release|Any CPU
		{9CDD8155-E87B-4592-A8E9-D205AF1D0B9A}.Release|x86.ActiveCfg = Release|Any CPU
		{9CDD8155-E87B-4592-A8E9-D205AF1D0B9A}.Release|x86.Build.0 = Release|Any CPU
		{8F7E64D5-6064-439F-9217-3F1DC0591D77}.Debug|Any CPU.ActiveCfg = Debug|Any CPU
		{8F7E64D5-6064-439F-9217-3F1DC0591D77}.Debug|Any CPU.Build.0 = Debug|Any CPU
		{8F7E64D5-6064-439F-9217-3F1DC0591D77}.Debug|x64.ActiveCfg = Debug|Any CPU
		{8F7E64D5-6064-439F-9217-3F1DC0591D77}.Debug|x64.Build.0 = Debug|Any CPU
		{8F7E64D5-6064-439F-9217-3F1DC0591D77}.Debug|x86.ActiveCfg = Debug|Any CPU
		{8F7E64D5-6064-439F-9217-3F1DC0591D77}.Debug|x86.Build.0 = Debug|Any CPU
		{8F7E64D5-6064-439F-9217-3F1DC0591D77}.Release|Any CPU.ActiveCfg = Release|Any CPU
		{8F7E64D5-6064-439F-9217-3F1DC0591D77}.Release|Any CPU.Build.0 = Release|Any CPU
		{8F7E64D5-6064-439F-9217-3F1DC0591D77}.Release|x64.ActiveCfg = Release|Any CPU
		{8F7E64D5-6064-439F-9217-3F1DC0591D77}.Release|x64.Build.0 = Release|Any CPU
		{8F7E64D5-6064-439F-9217-3F1DC0591D77}.Release|x86.ActiveCfg = Release|Any CPU
		{8F7E64D5-6064-439F-9217-3F1DC0591D77}.Release|x86.Build.0 = Release|Any CPU
		{4EA193AE-23A4-411C-AEE6-0AFBAAC1C1CA}.Debug|Any CPU.ActiveCfg = Debug|Any CPU
		{4EA193AE-23A4-411C-AEE6-0AFBAAC1C1CA}.Debug|Any CPU.Build.0 = Debug|Any CPU
		{4EA193AE-23A4-411C-AEE6-0AFBAAC1C1CA}.Debug|x64.ActiveCfg = Debug|Any CPU
		{4EA193AE-23A4-411C-AEE6-0AFBAAC1C1CA}.Debug|x64.Build.0 = Debug|Any CPU
		{4EA193AE-23A4-411C-AEE6-0AFBAAC1C1CA}.Debug|x86.ActiveCfg = Debug|Any CPU
		{4EA193AE-23A4-411C-AEE6-0AFBAAC1C1CA}.Debug|x86.Build.0 = Debug|Any CPU
		{4EA193AE-23A4-411C-AEE6-0AFBAAC1C1CA}.Release|Any CPU.ActiveCfg = Release|Any CPU
		{4EA193AE-23A4-411C-AEE6-0AFBAAC1C1CA}.Release|Any CPU.Build.0 = Release|Any CPU
		{4EA193AE-23A4-411C-AEE6-0AFBAAC1C1CA}.Release|x64.ActiveCfg = Release|Any CPU
		{4EA193AE-23A4-411C-AEE6-0AFBAAC1C1CA}.Release|x64.Build.0 = Release|Any CPU
		{4EA193AE-23A4-411C-AEE6-0AFBAAC1C1CA}.Release|x86.ActiveCfg = Release|Any CPU
		{4EA193AE-23A4-411C-AEE6-0AFBAAC1C1CA}.Release|x86.Build.0 = Release|Any CPU
		{7B288026-5502-4A39-BF41-77E086F3E4A3}.Debug|Any CPU.ActiveCfg = Debug|Any CPU
		{7B288026-5502-4A39-BF41-77E086F3E4A3}.Debug|Any CPU.Build.0 = Debug|Any CPU
		{7B288026-5502-4A39-BF41-77E086F3E4A3}.Debug|x64.ActiveCfg = Debug|Any CPU
		{7B288026-5502-4A39-BF41-77E086F3E4A3}.Debug|x64.Build.0 = Debug|Any CPU
		{7B288026-5502-4A39-BF41-77E086F3E4A3}.Debug|x86.ActiveCfg = Debug|Any CPU
		{7B288026-5502-4A39-BF41-77E086F3E4A3}.Debug|x86.Build.0 = Debug|Any CPU
		{7B288026-5502-4A39-BF41-77E086F3E4A3}.Release|Any CPU.ActiveCfg = Release|Any CPU
		{7B288026-5502-4A39-BF41-77E086F3E4A3}.Release|Any CPU.Build.0 = Release|Any CPU
		{7B288026-5502-4A39-BF41-77E086F3E4A3}.Release|x64.ActiveCfg = Release|Any CPU
		{7B288026-5502-4A39-BF41-77E086F3E4A3}.Release|x64.Build.0 = Release|Any CPU
		{7B288026-5502-4A39-BF41-77E086F3E4A3}.Release|x86.ActiveCfg = Release|Any CPU
		{7B288026-5502-4A39-BF41-77E086F3E4A3}.Release|x86.Build.0 = Release|Any CPU
		{06BF3C68-E7D4-4579-90BE-E36DACE564EF}.Debug|Any CPU.ActiveCfg = Debug|Any CPU
		{06BF3C68-E7D4-4579-90BE-E36DACE564EF}.Debug|Any CPU.Build.0 = Debug|Any CPU
		{06BF3C68-E7D4-4579-90BE-E36DACE564EF}.Debug|x64.ActiveCfg = Debug|Any CPU
		{06BF3C68-E7D4-4579-90BE-E36DACE564EF}.Debug|x64.Build.0 = Debug|Any CPU
		{06BF3C68-E7D4-4579-90BE-E36DACE564EF}.Debug|x86.ActiveCfg = Debug|Any CPU
		{06BF3C68-E7D4-4579-90BE-E36DACE564EF}.Debug|x86.Build.0 = Debug|Any CPU
		{06BF3C68-E7D4-4579-90BE-E36DACE564EF}.Release|Any CPU.ActiveCfg = Release|Any CPU
		{06BF3C68-E7D4-4579-90BE-E36DACE564EF}.Release|Any CPU.Build.0 = Release|Any CPU
		{06BF3C68-E7D4-4579-90BE-E36DACE564EF}.Release|x64.ActiveCfg = Release|Any CPU
		{06BF3C68-E7D4-4579-90BE-E36DACE564EF}.Release|x64.Build.0 = Release|Any CPU
		{06BF3C68-E7D4-4579-90BE-E36DACE564EF}.Release|x86.ActiveCfg = Release|Any CPU
		{06BF3C68-E7D4-4579-90BE-E36DACE564EF}.Release|x86.Build.0 = Release|Any CPU
		{2E34F054-DAFD-4A01-BC0F-407523E0F47C}.Debug|Any CPU.ActiveCfg = Debug|Any CPU
		{2E34F054-DAFD-4A01-BC0F-407523E0F47C}.Debug|Any CPU.Build.0 = Debug|Any CPU
		{2E34F054-DAFD-4A01-BC0F-407523E0F47C}.Debug|x64.ActiveCfg = Debug|Any CPU
		{2E34F054-DAFD-4A01-BC0F-407523E0F47C}.Debug|x64.Build.0 = Debug|Any CPU
		{2E34F054-DAFD-4A01-BC0F-407523E0F47C}.Debug|x86.ActiveCfg = Debug|Any CPU
		{2E34F054-DAFD-4A01-BC0F-407523E0F47C}.Debug|x86.Build.0 = Debug|Any CPU
		{2E34F054-DAFD-4A01-BC0F-407523E0F47C}.Release|Any CPU.ActiveCfg = Release|Any CPU
		{2E34F054-DAFD-4A01-BC0F-407523E0F47C}.Release|Any CPU.Build.0 = Release|Any CPU
		{2E34F054-DAFD-4A01-BC0F-407523E0F47C}.Release|x64.ActiveCfg = Release|Any CPU
		{2E34F054-DAFD-4A01-BC0F-407523E0F47C}.Release|x64.Build.0 = Release|Any CPU
		{2E34F054-DAFD-4A01-BC0F-407523E0F47C}.Release|x86.ActiveCfg = Release|Any CPU
		{2E34F054-DAFD-4A01-BC0F-407523E0F47C}.Release|x86.Build.0 = Release|Any CPU
		{DDE2A481-8271-4EAC-A330-8FA6A38D13D1}.Debug|Any CPU.ActiveCfg = Debug|Any CPU
		{DDE2A481-8271-4EAC-A330-8FA6A38D13D1}.Debug|Any CPU.Build.0 = Debug|Any CPU
		{DDE2A481-8271-4EAC-A330-8FA6A38D13D1}.Debug|x64.ActiveCfg = Debug|Any CPU
		{DDE2A481-8271-4EAC-A330-8FA6A38D13D1}.Debug|x64.Build.0 = Debug|Any CPU
		{DDE2A481-8271-4EAC-A330-8FA6A38D13D1}.Debug|x86.ActiveCfg = Debug|Any CPU
		{DDE2A481-8271-4EAC-A330-8FA6A38D13D1}.Debug|x86.Build.0 = Debug|Any CPU
		{DDE2A481-8271-4EAC-A330-8FA6A38D13D1}.Release|Any CPU.ActiveCfg = Release|Any CPU
		{DDE2A481-8271-4EAC-A330-8FA6A38D13D1}.Release|Any CPU.Build.0 = Release|Any CPU
		{DDE2A481-8271-4EAC-A330-8FA6A38D13D1}.Release|x64.ActiveCfg = Release|Any CPU
		{DDE2A481-8271-4EAC-A330-8FA6A38D13D1}.Release|x64.Build.0 = Release|Any CPU
		{DDE2A481-8271-4EAC-A330-8FA6A38D13D1}.Release|x86.ActiveCfg = Release|Any CPU
		{DDE2A481-8271-4EAC-A330-8FA6A38D13D1}.Release|x86.Build.0 = Release|Any CPU
		{3104B9A0-348E-4D47-8A9B-A61FC6087383}.Debug|Any CPU.ActiveCfg = Debug|Any CPU
		{3104B9A0-348E-4D47-8A9B-A61FC6087383}.Debug|Any CPU.Build.0 = Debug|Any CPU
		{3104B9A0-348E-4D47-8A9B-A61FC6087383}.Debug|x64.ActiveCfg = Debug|Any CPU
		{3104B9A0-348E-4D47-8A9B-A61FC6087383}.Debug|x64.Build.0 = Debug|Any CPU
		{3104B9A0-348E-4D47-8A9B-A61FC6087383}.Debug|x86.ActiveCfg = Debug|Any CPU
		{3104B9A0-348E-4D47-8A9B-A61FC6087383}.Debug|x86.Build.0 = Debug|Any CPU
		{3104B9A0-348E-4D47-8A9B-A61FC6087383}.Release|Any CPU.ActiveCfg = Release|Any CPU
		{3104B9A0-348E-4D47-8A9B-A61FC6087383}.Release|Any CPU.Build.0 = Release|Any CPU
		{3104B9A0-348E-4D47-8A9B-A61FC6087383}.Release|x64.ActiveCfg = Release|Any CPU
		{3104B9A0-348E-4D47-8A9B-A61FC6087383}.Release|x64.Build.0 = Release|Any CPU
		{3104B9A0-348E-4D47-8A9B-A61FC6087383}.Release|x86.ActiveCfg = Release|Any CPU
		{3104B9A0-348E-4D47-8A9B-A61FC6087383}.Release|x86.Build.0 = Release|Any CPU
		{06F0CA74-B94D-4B86-BD5C-78C9F0D977F5}.Debug|Any CPU.ActiveCfg = Debug|Any CPU
		{06F0CA74-B94D-4B86-BD5C-78C9F0D977F5}.Debug|Any CPU.Build.0 = Debug|Any CPU
		{06F0CA74-B94D-4B86-BD5C-78C9F0D977F5}.Debug|x64.ActiveCfg = Debug|Any CPU
		{06F0CA74-B94D-4B86-BD5C-78C9F0D977F5}.Debug|x64.Build.0 = Debug|Any CPU
		{06F0CA74-B94D-4B86-BD5C-78C9F0D977F5}.Debug|x86.ActiveCfg = Debug|Any CPU
		{06F0CA74-B94D-4B86-BD5C-78C9F0D977F5}.Debug|x86.Build.0 = Debug|Any CPU
		{06F0CA74-B94D-4B86-BD5C-78C9F0D977F5}.Release|Any CPU.ActiveCfg = Release|Any CPU
		{06F0CA74-B94D-4B86-BD5C-78C9F0D977F5}.Release|Any CPU.Build.0 = Release|Any CPU
		{06F0CA74-B94D-4B86-BD5C-78C9F0D977F5}.Release|x64.ActiveCfg = Release|Any CPU
		{06F0CA74-B94D-4B86-BD5C-78C9F0D977F5}.Release|x64.Build.0 = Release|Any CPU
		{06F0CA74-B94D-4B86-BD5C-78C9F0D977F5}.Release|x86.ActiveCfg = Release|Any CPU
		{06F0CA74-B94D-4B86-BD5C-78C9F0D977F5}.Release|x86.Build.0 = Release|Any CPU
		{CF6AC02D-02FA-4EE9-A507-BD94F489972E}.Debug|Any CPU.ActiveCfg = Debug|Any CPU
		{CF6AC02D-02FA-4EE9-A507-BD94F489972E}.Debug|Any CPU.Build.0 = Debug|Any CPU
		{CF6AC02D-02FA-4EE9-A507-BD94F489972E}.Debug|x64.ActiveCfg = Debug|Any CPU
		{CF6AC02D-02FA-4EE9-A507-BD94F489972E}.Debug|x64.Build.0 = Debug|Any CPU
		{CF6AC02D-02FA-4EE9-A507-BD94F489972E}.Debug|x86.ActiveCfg = Debug|Any CPU
		{CF6AC02D-02FA-4EE9-A507-BD94F489972E}.Debug|x86.Build.0 = Debug|Any CPU
		{CF6AC02D-02FA-4EE9-A507-BD94F489972E}.Release|Any CPU.ActiveCfg = Release|Any CPU
		{CF6AC02D-02FA-4EE9-A507-BD94F489972E}.Release|Any CPU.Build.0 = Release|Any CPU
		{CF6AC02D-02FA-4EE9-A507-BD94F489972E}.Release|x64.ActiveCfg = Release|Any CPU
		{CF6AC02D-02FA-4EE9-A507-BD94F489972E}.Release|x64.Build.0 = Release|Any CPU
		{CF6AC02D-02FA-4EE9-A507-BD94F489972E}.Release|x86.ActiveCfg = Release|Any CPU
		{CF6AC02D-02FA-4EE9-A507-BD94F489972E}.Release|x86.Build.0 = Release|Any CPU
		{410B7FEB-07C5-40DD-B156-1C0999447390}.Debug|Any CPU.ActiveCfg = Debug|Any CPU
		{410B7FEB-07C5-40DD-B156-1C0999447390}.Debug|Any CPU.Build.0 = Debug|Any CPU
		{410B7FEB-07C5-40DD-B156-1C0999447390}.Debug|x64.ActiveCfg = Debug|Any CPU
		{410B7FEB-07C5-40DD-B156-1C0999447390}.Debug|x64.Build.0 = Debug|Any CPU
		{410B7FEB-07C5-40DD-B156-1C0999447390}.Debug|x86.ActiveCfg = Debug|Any CPU
		{410B7FEB-07C5-40DD-B156-1C0999447390}.Debug|x86.Build.0 = Debug|Any CPU
		{410B7FEB-07C5-40DD-B156-1C0999447390}.Release|Any CPU.ActiveCfg = Release|Any CPU
		{410B7FEB-07C5-40DD-B156-1C0999447390}.Release|Any CPU.Build.0 = Release|Any CPU
		{410B7FEB-07C5-40DD-B156-1C0999447390}.Release|x64.ActiveCfg = Release|Any CPU
		{410B7FEB-07C5-40DD-B156-1C0999447390}.Release|x64.Build.0 = Release|Any CPU
		{410B7FEB-07C5-40DD-B156-1C0999447390}.Release|x86.ActiveCfg = Release|Any CPU
		{410B7FEB-07C5-40DD-B156-1C0999447390}.Release|x86.Build.0 = Release|Any CPU
		{5C7F0D6E-3247-4E12-BFE7-5FB05842F6F3}.Debug|Any CPU.ActiveCfg = Debug|Any CPU
		{5C7F0D6E-3247-4E12-BFE7-5FB05842F6F3}.Debug|Any CPU.Build.0 = Debug|Any CPU
		{5C7F0D6E-3247-4E12-BFE7-5FB05842F6F3}.Debug|x64.ActiveCfg = Debug|Any CPU
		{5C7F0D6E-3247-4E12-BFE7-5FB05842F6F3}.Debug|x64.Build.0 = Debug|Any CPU
		{5C7F0D6E-3247-4E12-BFE7-5FB05842F6F3}.Debug|x86.ActiveCfg = Debug|Any CPU
		{5C7F0D6E-3247-4E12-BFE7-5FB05842F6F3}.Debug|x86.Build.0 = Debug|Any CPU
		{5C7F0D6E-3247-4E12-BFE7-5FB05842F6F3}.Release|Any CPU.ActiveCfg = Release|Any CPU
		{5C7F0D6E-3247-4E12-BFE7-5FB05842F6F3}.Release|Any CPU.Build.0 = Release|Any CPU
		{5C7F0D6E-3247-4E12-BFE7-5FB05842F6F3}.Release|x64.ActiveCfg = Release|Any CPU
		{5C7F0D6E-3247-4E12-BFE7-5FB05842F6F3}.Release|x64.Build.0 = Release|Any CPU
		{5C7F0D6E-3247-4E12-BFE7-5FB05842F6F3}.Release|x86.ActiveCfg = Release|Any CPU
		{5C7F0D6E-3247-4E12-BFE7-5FB05842F6F3}.Release|x86.Build.0 = Release|Any CPU
		{63648392-6CE9-4A60-96D4-F9FD718D29B0}.Debug|Any CPU.ActiveCfg = Debug|Any CPU
		{63648392-6CE9-4A60-96D4-F9FD718D29B0}.Debug|Any CPU.Build.0 = Debug|Any CPU
		{63648392-6CE9-4A60-96D4-F9FD718D29B0}.Debug|x64.ActiveCfg = Debug|Any CPU
		{63648392-6CE9-4A60-96D4-F9FD718D29B0}.Debug|x64.Build.0 = Debug|Any CPU
		{63648392-6CE9-4A60-96D4-F9FD718D29B0}.Debug|x86.ActiveCfg = Debug|Any CPU
		{63648392-6CE9-4A60-96D4-F9FD718D29B0}.Debug|x86.Build.0 = Debug|Any CPU
		{63648392-6CE9-4A60-96D4-F9FD718D29B0}.Release|Any CPU.ActiveCfg = Release|Any CPU
		{63648392-6CE9-4A60-96D4-F9FD718D29B0}.Release|Any CPU.Build.0 = Release|Any CPU
		{63648392-6CE9-4A60-96D4-F9FD718D29B0}.Release|x64.ActiveCfg = Release|Any CPU
		{63648392-6CE9-4A60-96D4-F9FD718D29B0}.Release|x64.Build.0 = Release|Any CPU
		{63648392-6CE9-4A60-96D4-F9FD718D29B0}.Release|x86.ActiveCfg = Release|Any CPU
		{63648392-6CE9-4A60-96D4-F9FD718D29B0}.Release|x86.Build.0 = Release|Any CPU
		{BC823171-F50B-4499-87CC-114D1E1C89C3}.Debug|Any CPU.ActiveCfg = Debug|Any CPU
		{BC823171-F50B-4499-87CC-114D1E1C89C3}.Debug|Any CPU.Build.0 = Debug|Any CPU
		{BC823171-F50B-4499-87CC-114D1E1C89C3}.Debug|x64.ActiveCfg = Debug|Any CPU
		{BC823171-F50B-4499-87CC-114D1E1C89C3}.Debug|x64.Build.0 = Debug|Any CPU
		{BC823171-F50B-4499-87CC-114D1E1C89C3}.Debug|x86.ActiveCfg = Debug|Any CPU
		{BC823171-F50B-4499-87CC-114D1E1C89C3}.Debug|x86.Build.0 = Debug|Any CPU
		{BC823171-F50B-4499-87CC-114D1E1C89C3}.Release|Any CPU.ActiveCfg = Release|Any CPU
		{BC823171-F50B-4499-87CC-114D1E1C89C3}.Release|Any CPU.Build.0 = Release|Any CPU
		{BC823171-F50B-4499-87CC-114D1E1C89C3}.Release|x64.ActiveCfg = Release|Any CPU
		{BC823171-F50B-4499-87CC-114D1E1C89C3}.Release|x64.Build.0 = Release|Any CPU
		{BC823171-F50B-4499-87CC-114D1E1C89C3}.Release|x86.ActiveCfg = Release|Any CPU
		{BC823171-F50B-4499-87CC-114D1E1C89C3}.Release|x86.Build.0 = Release|Any CPU
		{71A88EA2-06D4-444E-8BDA-8B399BCB8DC4}.Debug|Any CPU.ActiveCfg = Debug|Any CPU
		{71A88EA2-06D4-444E-8BDA-8B399BCB8DC4}.Debug|Any CPU.Build.0 = Debug|Any CPU
		{71A88EA2-06D4-444E-8BDA-8B399BCB8DC4}.Debug|x64.ActiveCfg = Debug|Any CPU
		{71A88EA2-06D4-444E-8BDA-8B399BCB8DC4}.Debug|x64.Build.0 = Debug|Any CPU
		{71A88EA2-06D4-444E-8BDA-8B399BCB8DC4}.Debug|x86.ActiveCfg = Debug|x86
		{71A88EA2-06D4-444E-8BDA-8B399BCB8DC4}.Debug|x86.Build.0 = Debug|x86
		{71A88EA2-06D4-444E-8BDA-8B399BCB8DC4}.Release|Any CPU.ActiveCfg = Release|Any CPU
		{71A88EA2-06D4-444E-8BDA-8B399BCB8DC4}.Release|Any CPU.Build.0 = Release|Any CPU
		{71A88EA2-06D4-444E-8BDA-8B399BCB8DC4}.Release|x64.ActiveCfg = Release|Any CPU
		{71A88EA2-06D4-444E-8BDA-8B399BCB8DC4}.Release|x64.Build.0 = Release|Any CPU
		{71A88EA2-06D4-444E-8BDA-8B399BCB8DC4}.Release|x86.ActiveCfg = Release|x86
		{71A88EA2-06D4-444E-8BDA-8B399BCB8DC4}.Release|x86.Build.0 = Release|x86
		{7ED20C3A-C707-43AC-B085-F353869B061B}.Debug|Any CPU.ActiveCfg = Debug|Any CPU
		{7ED20C3A-C707-43AC-B085-F353869B061B}.Debug|Any CPU.Build.0 = Debug|Any CPU
		{7ED20C3A-C707-43AC-B085-F353869B061B}.Debug|x64.ActiveCfg = Debug|Any CPU
		{7ED20C3A-C707-43AC-B085-F353869B061B}.Debug|x64.Build.0 = Debug|Any CPU
		{7ED20C3A-C707-43AC-B085-F353869B061B}.Debug|x86.ActiveCfg = Debug|Any CPU
		{7ED20C3A-C707-43AC-B085-F353869B061B}.Debug|x86.Build.0 = Debug|Any CPU
		{7ED20C3A-C707-43AC-B085-F353869B061B}.Release|Any CPU.ActiveCfg = Release|Any CPU
		{7ED20C3A-C707-43AC-B085-F353869B061B}.Release|Any CPU.Build.0 = Release|Any CPU
		{7ED20C3A-C707-43AC-B085-F353869B061B}.Release|x64.ActiveCfg = Release|Any CPU
		{7ED20C3A-C707-43AC-B085-F353869B061B}.Release|x64.Build.0 = Release|Any CPU
		{7ED20C3A-C707-43AC-B085-F353869B061B}.Release|x86.ActiveCfg = Release|Any CPU
		{7ED20C3A-C707-43AC-B085-F353869B061B}.Release|x86.Build.0 = Release|Any CPU
		{F15AFDEF-1EB8-4136-96EF-BA9BBEEB684B}.Debug|Any CPU.ActiveCfg = Debug|Any CPU
		{F15AFDEF-1EB8-4136-96EF-BA9BBEEB684B}.Debug|Any CPU.Build.0 = Debug|Any CPU
		{F15AFDEF-1EB8-4136-96EF-BA9BBEEB684B}.Debug|x64.ActiveCfg = Debug|Any CPU
		{F15AFDEF-1EB8-4136-96EF-BA9BBEEB684B}.Debug|x64.Build.0 = Debug|Any CPU
		{F15AFDEF-1EB8-4136-96EF-BA9BBEEB684B}.Debug|x86.ActiveCfg = Debug|Any CPU
		{F15AFDEF-1EB8-4136-96EF-BA9BBEEB684B}.Debug|x86.Build.0 = Debug|Any CPU
		{F15AFDEF-1EB8-4136-96EF-BA9BBEEB684B}.Release|Any CPU.ActiveCfg = Release|Any CPU
		{F15AFDEF-1EB8-4136-96EF-BA9BBEEB684B}.Release|Any CPU.Build.0 = Release|Any CPU
		{F15AFDEF-1EB8-4136-96EF-BA9BBEEB684B}.Release|x64.ActiveCfg = Release|Any CPU
		{F15AFDEF-1EB8-4136-96EF-BA9BBEEB684B}.Release|x64.Build.0 = Release|Any CPU
		{F15AFDEF-1EB8-4136-96EF-BA9BBEEB684B}.Release|x86.ActiveCfg = Release|Any CPU
		{F15AFDEF-1EB8-4136-96EF-BA9BBEEB684B}.Release|x86.Build.0 = Release|Any CPU
	EndGlobalSection
	GlobalSection(SolutionProperties) = preSolution
		HideSolutionNode = FALSE
	EndGlobalSection
	GlobalSection(NestedProjects) = preSolution
		{5D31E189-8B7A-4302-969F-A0819369B8C9} = {67224CC1-4606-4634-B588-4D1BF6A51660}
		{89FFC047-AE7E-4A9C-86DA-9CCCA366102B} = {5D31E189-8B7A-4302-969F-A0819369B8C9}
		{30B75D4C-3615-4D6A-8F45-EE114EFE3B3C} = {FB48600C-D351-4276-BED4-AFDB05138197}
		{54AE601D-9493-4B34-A847-13BD53A07DC2} = {FB48600C-D351-4276-BED4-AFDB05138197}
		{FF45E12B-F0C8-4782-838D-70833A2873EB} = {67224CC1-4606-4634-B588-4D1BF6A51660}
		{E925301D-936E-4FE1-A31D-2D5CBE0623DD} = {67224CC1-4606-4634-B588-4D1BF6A51660}
		{29B62FE5-AA18-4C76-9EAA-E2456B936515} = {67224CC1-4606-4634-B588-4D1BF6A51660}
		{C8733ECA-B241-4A52-BEE9-ED764DF1EDC9} = {67224CC1-4606-4634-B588-4D1BF6A51660}
		{D2E33FEE-6689-4BB4-A95C-1B5C327A1E8F} = {67224CC1-4606-4634-B588-4D1BF6A51660}
		{8DEF6F1C-4FF8-4A06-A00D-EC45AD442194} = {67224CC1-4606-4634-B588-4D1BF6A51660}
		{8CF736C3-A421-4F44-8F9C-945A4391718B} = {AC74A6D8-3BE6-42A8-9C3B-5D13A3406561}
		{4381D690-60AA-4E7B-AA89-C1DAB1878AE3} = {09DE7BB4-FC00-4FDC-8BFC-74A2E0C0B443}
		{9136AD65-8162-4756-8A3A-627BE0FD59B4} = {09DE7BB4-FC00-4FDC-8BFC-74A2E0C0B443}
		{883365DC-5976-43F0-A089-44EE52740EFC} = {09DE7BB4-FC00-4FDC-8BFC-74A2E0C0B443}
		{5B1710D2-5DC8-4754-91B2-19165DE49B3D} = {F2D86D52-6B8B-4DAC-B3CC-4F06B6DE4E6A}
		{A22EF553-51AA-4EC1-99E9-F4C7248ADE25} = {F2D86D52-6B8B-4DAC-B3CC-4F06B6DE4E6A}
		{AF34317B-4356-4010-960F-DB83E654469E} = {F2D86D52-6B8B-4DAC-B3CC-4F06B6DE4E6A}
		{994DE393-D800-45A9-9A51-97D5595B4C5B} = {F2D86D52-6B8B-4DAC-B3CC-4F06B6DE4E6A}
		{AA24B336-8E32-441A-9895-CEE5A3CB7983} = {F2D86D52-6B8B-4DAC-B3CC-4F06B6DE4E6A}
		{5773CD75-17AC-401B-9260-0872EDB6DE13} = {C240A289-41F0-4DE0-ACD1-6D3DA54B0171}
		{E849EBC2-AAC8-4B33-BC4D-626CDED46C0D} = {AC74A6D8-3BE6-42A8-9C3B-5D13A3406561}
		{3F72FBE4-5F95-43FD-9029-3CC145C978B4} = {AC74A6D8-3BE6-42A8-9C3B-5D13A3406561}
		{588A47EE-DBC1-48C3-987B-BBD5163A8CCE} = {AC74A6D8-3BE6-42A8-9C3B-5D13A3406561}
		{E00C55D0-971A-4D59-8C91-E7A4D79D50E8} = {AC74A6D8-3BE6-42A8-9C3B-5D13A3406561}
		{0B3D76D5-D9F4-4C0E-AFA9-143138EBC74D} = {AC74A6D8-3BE6-42A8-9C3B-5D13A3406561}
		{1D2B2142-67D7-48EA-91F9-5E77E29B5AB9} = {AC74A6D8-3BE6-42A8-9C3B-5D13A3406561}
		{07D019F1-5192-4B8E-9BCF-B040D36935C6} = {AC74A6D8-3BE6-42A8-9C3B-5D13A3406561}
		{0CE80D32-7535-4C39-B983-C350A7E171F3} = {09DE7BB4-FC00-4FDC-8BFC-74A2E0C0B443}
		{6733A572-4D4F-4733-908D-E9DB4765E245} = {AC74A6D8-3BE6-42A8-9C3B-5D13A3406561}
		{C3D49A7F-9D68-41A8-810C-7E9E18BAADCF} = {AC74A6D8-3BE6-42A8-9C3B-5D13A3406561}
		{DFE89862-64EF-44F8-98A8-07B410EC180E} = {AC74A6D8-3BE6-42A8-9C3B-5D13A3406561}
		{317EA108-1439-4C7F-9F71-EE94D128A214} = {AC74A6D8-3BE6-42A8-9C3B-5D13A3406561}
		{7B66A20E-48FF-4FCD-955D-415AD5F1E4E2} = {AC74A6D8-3BE6-42A8-9C3B-5D13A3406561}
		{F5216BCE-98FB-4B1F-A114-FED7A325AD18} = {AC74A6D8-3BE6-42A8-9C3B-5D13A3406561}
		{9CDD8155-E87B-4592-A8E9-D205AF1D0B9A} = {F2D86D52-6B8B-4DAC-B3CC-4F06B6DE4E6A}
		{8F7E64D5-6064-439F-9217-3F1DC0591D77} = {F2D86D52-6B8B-4DAC-B3CC-4F06B6DE4E6A}
		{4EA193AE-23A4-411C-AEE6-0AFBAAC1C1CA} = {F2D86D52-6B8B-4DAC-B3CC-4F06B6DE4E6A}
		{7B288026-5502-4A39-BF41-77E086F3E4A3} = {AC74A6D8-3BE6-42A8-9C3B-5D13A3406561}
		{DDE2A481-8271-4EAC-A330-8FA6A38D13D1} = {AC74A6D8-3BE6-42A8-9C3B-5D13A3406561}
		{06F0CA74-B94D-4B86-BD5C-78C9F0D977F5} = {AC74A6D8-3BE6-42A8-9C3B-5D13A3406561}
		{CF6AC02D-02FA-4EE9-A507-BD94F489972E} = {AC74A6D8-3BE6-42A8-9C3B-5D13A3406561}
		{410B7FEB-07C5-40DD-B156-1C0999447390} = {FB48600C-D351-4276-BED4-AFDB05138197}
		{5C7F0D6E-3247-4E12-BFE7-5FB05842F6F3} = {AC74A6D8-3BE6-42A8-9C3B-5D13A3406561}
		{BC823171-F50B-4499-87CC-114D1E1C89C3} = {0AE8770F-5FC3-458B-A193-32A884D517D7}
		{71A88EA2-06D4-444E-8BDA-8B399BCB8DC4} = {AC74A6D8-3BE6-42A8-9C3B-5D13A3406561}
		{7ED20C3A-C707-43AC-B085-F353869B061B} = {AC74A6D8-3BE6-42A8-9C3B-5D13A3406561}
		{F15AFDEF-1EB8-4136-96EF-BA9BBEEB684B} = {AC74A6D8-3BE6-42A8-9C3B-5D13A3406561}
	EndGlobalSection
	GlobalSection(ExtensibilityGlobals) = postSolution
		SolutionGuid = {309EC34B-15FF-4C88-9BC4-BF880606737B}
	EndGlobalSection
EndGlobal
